// !$*UTF8*$!
{
	archiveVersion = 1;
	classes = {
	};
	objectVersion = 50;
	objects = {

/* Begin PBXBuildFile section */
		13908654226E421A000B8F3F /* StartupService.swift in Sources */ = {isa = PBXBuildFile; fileRef = 13908653226E421A000B8F3F /* StartupService.swift */; };
		139DE929226A4300007F8AF9 /* AppDelegate.swift in Sources */ = {isa = PBXBuildFile; fileRef = 139DE928226A4300007F8AF9 /* AppDelegate.swift */; };
		139DE966226A4370007F8AF9 /* Date.swift in Sources */ = {isa = PBXBuildFile; fileRef = 139DE936226A436D007F8AF9 /* Date.swift */; };
		139DE967226A4370007F8AF9 /* PersonCollectionViewItem.xib in Resources */ = {isa = PBXBuildFile; fileRef = 139DE937226A436D007F8AF9 /* PersonCollectionViewItem.xib */; };
		139DE968226A4370007F8AF9 /* PersonDetailWindowController.swift in Sources */ = {isa = PBXBuildFile; fileRef = 139DE938226A436D007F8AF9 /* PersonDetailWindowController.swift */; };
		139DE969226A4370007F8AF9 /* Area.swift in Sources */ = {isa = PBXBuildFile; fileRef = 139DE939226A436D007F8AF9 /* Area.swift */; };
		139DE96A226A4370007F8AF9 /* Location.swift in Sources */ = {isa = PBXBuildFile; fileRef = 139DE93A226A436D007F8AF9 /* Location.swift */; };
		139DE96B226A4370007F8AF9 /* OperationQueue.swift in Sources */ = {isa = PBXBuildFile; fileRef = 139DE93B226A436D007F8AF9 /* OperationQueue.swift */; };
		139DE96C226A4370007F8AF9 /* Factbook.swift in Sources */ = {isa = PBXBuildFile; fileRef = 139DE93C226A436E007F8AF9 /* Factbook.swift */; };
		139DE96D226A4370007F8AF9 /* DataStore.swift in Sources */ = {isa = PBXBuildFile; fileRef = 139DE93D226A436E007F8AF9 /* DataStore.swift */; };
		139DE96E226A4370007F8AF9 /* PhotoViewController.swift in Sources */ = {isa = PBXBuildFile; fileRef = 139DE93E226A436E007F8AF9 /* PhotoViewController.swift */; };
		139DE96F226A4370007F8AF9 /* PhotoCollectionViewItem.swift in Sources */ = {isa = PBXBuildFile; fileRef = 139DE93F226A436E007F8AF9 /* PhotoCollectionViewItem.swift */; };
		139DE970226A4370007F8AF9 /* UniqueIDGenerator.swift in Sources */ = {isa = PBXBuildFile; fileRef = 139DE940226A436E007F8AF9 /* UniqueIDGenerator.swift */; };
		139DE971226A4370007F8AF9 /* Album.swift in Sources */ = {isa = PBXBuildFile; fileRef = 139DE941226A436E007F8AF9 /* Album.swift */; };
		139DE972226A4370007F8AF9 /* PersonQuickAddViewController.swift in Sources */ = {isa = PBXBuildFile; fileRef = 139DE942226A436E007F8AF9 /* PersonQuickAddViewController.swift */; };
		139DE973226A4370007F8AF9 /* PhotoCollectionViewItem.xib in Resources */ = {isa = PBXBuildFile; fileRef = 139DE943226A436E007F8AF9 /* PhotoCollectionViewItem.xib */; };
		139DE974226A4370007F8AF9 /* FileManager.swift in Sources */ = {isa = PBXBuildFile; fileRef = 139DE944226A436E007F8AF9 /* FileManager.swift */; };
		139DE975226A4370007F8AF9 /* AddPhotosViewController.swift in Sources */ = {isa = PBXBuildFile; fileRef = 139DE945226A436E007F8AF9 /* AddPhotosViewController.swift */; };
		139DE976226A4370007F8AF9 /* MainWindowController.swift in Sources */ = {isa = PBXBuildFile; fileRef = 139DE946226A436E007F8AF9 /* MainWindowController.swift */; };
		139DE977226A4370007F8AF9 /* Photo.swift in Sources */ = {isa = PBXBuildFile; fileRef = 139DE947226A436E007F8AF9 /* Photo.swift */; };
		139DE978226A4370007F8AF9 /* PersonSelectionViewController.swift in Sources */ = {isa = PBXBuildFile; fileRef = 139DE948226A436E007F8AF9 /* PersonSelectionViewController.swift */; };
		139DE979226A4370007F8AF9 /* ConsistencyManager.swift in Sources */ = {isa = PBXBuildFile; fileRef = 139DE949226A436E007F8AF9 /* ConsistencyManager.swift */; };
		139DE97A226A4370007F8AF9 /* PhotoDetailViewController.swift in Sources */ = {isa = PBXBuildFile; fileRef = 139DE94A226A436E007F8AF9 /* PhotoDetailViewController.swift */; };
		139DE97B226A4370007F8AF9 /* PhotoDetailViewController.xib in Resources */ = {isa = PBXBuildFile; fileRef = 139DE94B226A436E007F8AF9 /* PhotoDetailViewController.xib */; };
		139DE97C226A4370007F8AF9 /* Assets.xcassets in Resources */ = {isa = PBXBuildFile; fileRef = 139DE94C226A436E007F8AF9 /* Assets.xcassets */; };
		139DE97D226A4370007F8AF9 /* Person.swift in Sources */ = {isa = PBXBuildFile; fileRef = 139DE94D226A436E007F8AF9 /* Person.swift */; };
		139DE97E226A4370007F8AF9 /* AddPhotosViewController.xib in Resources */ = {isa = PBXBuildFile; fileRef = 139DE94E226A436E007F8AF9 /* AddPhotosViewController.xib */; };
		139DE97F226A4370007F8AF9 /* PhotoViewController.xib in Resources */ = {isa = PBXBuildFile; fileRef = 139DE94F226A436E007F8AF9 /* PhotoViewController.xib */; };
		139DE980226A4370007F8AF9 /* PersonSelectionViewDelegate.swift in Sources */ = {isa = PBXBuildFile; fileRef = 139DE950226A436E007F8AF9 /* PersonSelectionViewDelegate.swift */; };
		139DE981226A4370007F8AF9 /* PersonSelectionTableCellView.swift in Sources */ = {isa = PBXBuildFile; fileRef = 139DE951226A436F007F8AF9 /* PersonSelectionTableCellView.swift */; };
		139DE982226A4370007F8AF9 /* PersonQuickAddViewController.xib in Resources */ = {isa = PBXBuildFile; fileRef = 139DE952226A436F007F8AF9 /* PersonQuickAddViewController.xib */; };
		139DE983226A4370007F8AF9 /* PreferencesViewController.swift in Sources */ = {isa = PBXBuildFile; fileRef = 139DE953226A436F007F8AF9 /* PreferencesViewController.swift */; };
		139DE984226A4370007F8AF9 /* PersonDetailWindowController.xib in Resources */ = {isa = PBXBuildFile; fileRef = 139DE954226A436F007F8AF9 /* PersonDetailWindowController.xib */; };
		139DE985226A4370007F8AF9 /* PersonQuickAddDelegate.swift in Sources */ = {isa = PBXBuildFile; fileRef = 139DE955226A436F007F8AF9 /* PersonQuickAddDelegate.swift */; };
		139DE986226A4370007F8AF9 /* PersonDetailViewController.swift in Sources */ = {isa = PBXBuildFile; fileRef = 139DE956226A436F007F8AF9 /* PersonDetailViewController.swift */; };
		139DE987226A4370007F8AF9 /* PersonViewController.xib in Resources */ = {isa = PBXBuildFile; fileRef = 139DE957226A436F007F8AF9 /* PersonViewController.xib */; };
		139DE988226A4370007F8AF9 /* PlacesViewController.swift in Sources */ = {isa = PBXBuildFile; fileRef = 139DE958226A436F007F8AF9 /* PlacesViewController.swift */; };
		139DE989226A4370007F8AF9 /* PlacesViewController.xib in Resources */ = {isa = PBXBuildFile; fileRef = 139DE959226A436F007F8AF9 /* PlacesViewController.xib */; };
		139DE98A226A4370007F8AF9 /* PreferencesViewController.xib in Resources */ = {isa = PBXBuildFile; fileRef = 139DE95A226A436F007F8AF9 /* PreferencesViewController.xib */; };
		139DE98B226A4370007F8AF9 /* IndexedDictionary.swift in Sources */ = {isa = PBXBuildFile; fileRef = 139DE95B226A436F007F8AF9 /* IndexedDictionary.swift */; };
		139DE98C226A4370007F8AF9 /* Spot.swift in Sources */ = {isa = PBXBuildFile; fileRef = 139DE95C226A4370007F8AF9 /* Spot.swift */; };
		139DE98D226A4370007F8AF9 /* PreferencesDelegate.swift in Sources */ = {isa = PBXBuildFile; fileRef = 139DE95D226A4370007F8AF9 /* PreferencesDelegate.swift */; };
		139DE98E226A4370007F8AF9 /* PersonViewController.swift in Sources */ = {isa = PBXBuildFile; fileRef = 139DE95E226A4370007F8AF9 /* PersonViewController.swift */; };
		139DE98F226A4370007F8AF9 /* HasUniqueID.swift in Sources */ = {isa = PBXBuildFile; fileRef = 139DE95F226A4370007F8AF9 /* HasUniqueID.swift */; };
		139DE990226A4370007F8AF9 /* PersonDetailViewController.xib in Resources */ = {isa = PBXBuildFile; fileRef = 139DE960226A4370007F8AF9 /* PersonDetailViewController.xib */; };
		139DE991226A4370007F8AF9 /* Base.lproj in Resources */ = {isa = PBXBuildFile; fileRef = 139DE961226A4370007F8AF9 /* Base.lproj */; };
		139DE992226A4370007F8AF9 /* PersonCollectionViewItem.swift in Sources */ = {isa = PBXBuildFile; fileRef = 139DE962226A4370007F8AF9 /* PersonCollectionViewItem.swift */; };
		139DE993226A4370007F8AF9 /* JSONManager.swift in Sources */ = {isa = PBXBuildFile; fileRef = 139DE963226A4370007F8AF9 /* JSONManager.swift */; };
		139DE994226A4370007F8AF9 /* PersonSelectionViewController.xib in Resources */ = {isa = PBXBuildFile; fileRef = 139DE964226A4370007F8AF9 /* PersonSelectionViewController.xib */; };
		139DE995226A4370007F8AF9 /* LocalFileManager.swift in Sources */ = {isa = PBXBuildFile; fileRef = 139DE965226A4370007F8AF9 /* LocalFileManager.swift */; };
		139DE999226A472D007F8AF9 /* Main.storyboard in Resources */ = {isa = PBXBuildFile; fileRef = 139DE998226A472D007F8AF9 /* Main.storyboard */; };
/* End PBXBuildFile section */

/* Begin PBXFileReference section */
		13908653226E421A000B8F3F /* StartupService.swift */ = {isa = PBXFileReference; lastKnownFileType = sourcecode.swift; path = StartupService.swift; sourceTree = "<group>"; };
		139DE925226A4300007F8AF9 /* MacPhoto.app */ = {isa = PBXFileReference; explicitFileType = wrapper.application; includeInIndex = 0; path = MacPhoto.app; sourceTree = BUILT_PRODUCTS_DIR; };
		139DE928226A4300007F8AF9 /* AppDelegate.swift */ = {isa = PBXFileReference; lastKnownFileType = sourcecode.swift; path = AppDelegate.swift; sourceTree = "<group>"; };
		139DE92F226A4301007F8AF9 /* Info.plist */ = {isa = PBXFileReference; lastKnownFileType = text.plist.xml; path = Info.plist; sourceTree = "<group>"; };
		139DE930226A4301007F8AF9 /* MacPhoto.entitlements */ = {isa = PBXFileReference; lastKnownFileType = text.plist.entitlements; path = MacPhoto.entitlements; sourceTree = "<group>"; };
		139DE936226A436D007F8AF9 /* Date.swift */ = {isa = PBXFileReference; fileEncoding = 4; lastKnownFileType = sourcecode.swift; path = Date.swift; sourceTree = "<group>"; };
		139DE937226A436D007F8AF9 /* PersonCollectionViewItem.xib */ = {isa = PBXFileReference; fileEncoding = 4; lastKnownFileType = file.xib; path = PersonCollectionViewItem.xib; sourceTree = "<group>"; };
		139DE938226A436D007F8AF9 /* PersonDetailWindowController.swift */ = {isa = PBXFileReference; fileEncoding = 4; lastKnownFileType = sourcecode.swift; path = PersonDetailWindowController.swift; sourceTree = "<group>"; };
		139DE939226A436D007F8AF9 /* Area.swift */ = {isa = PBXFileReference; fileEncoding = 4; lastKnownFileType = sourcecode.swift; path = Area.swift; sourceTree = "<group>"; };
		139DE93A226A436D007F8AF9 /* Location.swift */ = {isa = PBXFileReference; fileEncoding = 4; lastKnownFileType = sourcecode.swift; path = Location.swift; sourceTree = "<group>"; };
		139DE93B226A436D007F8AF9 /* OperationQueue.swift */ = {isa = PBXFileReference; fileEncoding = 4; lastKnownFileType = sourcecode.swift; path = OperationQueue.swift; sourceTree = "<group>"; };
		139DE93C226A436E007F8AF9 /* Factbook.swift */ = {isa = PBXFileReference; fileEncoding = 4; lastKnownFileType = sourcecode.swift; path = Factbook.swift; sourceTree = "<group>"; };
		139DE93D226A436E007F8AF9 /* DataStore.swift */ = {isa = PBXFileReference; fileEncoding = 4; lastKnownFileType = sourcecode.swift; path = DataStore.swift; sourceTree = "<group>"; };
		139DE93E226A436E007F8AF9 /* PhotoViewController.swift */ = {isa = PBXFileReference; fileEncoding = 4; lastKnownFileType = sourcecode.swift; path = PhotoViewController.swift; sourceTree = "<group>"; };
		139DE93F226A436E007F8AF9 /* PhotoCollectionViewItem.swift */ = {isa = PBXFileReference; fileEncoding = 4; lastKnownFileType = sourcecode.swift; path = PhotoCollectionViewItem.swift; sourceTree = "<group>"; };
		139DE940226A436E007F8AF9 /* UniqueIDGenerator.swift */ = {isa = PBXFileReference; fileEncoding = 4; lastKnownFileType = sourcecode.swift; path = UniqueIDGenerator.swift; sourceTree = "<group>"; };
		139DE941226A436E007F8AF9 /* Album.swift */ = {isa = PBXFileReference; fileEncoding = 4; lastKnownFileType = sourcecode.swift; path = Album.swift; sourceTree = "<group>"; };
		139DE942226A436E007F8AF9 /* PersonQuickAddViewController.swift */ = {isa = PBXFileReference; fileEncoding = 4; lastKnownFileType = sourcecode.swift; path = PersonQuickAddViewController.swift; sourceTree = "<group>"; };
		139DE943226A436E007F8AF9 /* PhotoCollectionViewItem.xib */ = {isa = PBXFileReference; fileEncoding = 4; lastKnownFileType = file.xib; path = PhotoCollectionViewItem.xib; sourceTree = "<group>"; };
		139DE944226A436E007F8AF9 /* FileManager.swift */ = {isa = PBXFileReference; fileEncoding = 4; lastKnownFileType = sourcecode.swift; path = FileManager.swift; sourceTree = "<group>"; };
		139DE945226A436E007F8AF9 /* AddPhotosViewController.swift */ = {isa = PBXFileReference; fileEncoding = 4; lastKnownFileType = sourcecode.swift; path = AddPhotosViewController.swift; sourceTree = "<group>"; };
		139DE946226A436E007F8AF9 /* MainWindowController.swift */ = {isa = PBXFileReference; fileEncoding = 4; lastKnownFileType = sourcecode.swift; path = MainWindowController.swift; sourceTree = "<group>"; };
		139DE947226A436E007F8AF9 /* Photo.swift */ = {isa = PBXFileReference; fileEncoding = 4; lastKnownFileType = sourcecode.swift; path = Photo.swift; sourceTree = "<group>"; };
		139DE948226A436E007F8AF9 /* PersonSelectionViewController.swift */ = {isa = PBXFileReference; fileEncoding = 4; lastKnownFileType = sourcecode.swift; path = PersonSelectionViewController.swift; sourceTree = "<group>"; };
		139DE949226A436E007F8AF9 /* ConsistencyManager.swift */ = {isa = PBXFileReference; fileEncoding = 4; lastKnownFileType = sourcecode.swift; path = ConsistencyManager.swift; sourceTree = "<group>"; };
		139DE94A226A436E007F8AF9 /* PhotoDetailViewController.swift */ = {isa = PBXFileReference; fileEncoding = 4; lastKnownFileType = sourcecode.swift; path = PhotoDetailViewController.swift; sourceTree = "<group>"; };
		139DE94B226A436E007F8AF9 /* PhotoDetailViewController.xib */ = {isa = PBXFileReference; fileEncoding = 4; lastKnownFileType = file.xib; path = PhotoDetailViewController.xib; sourceTree = "<group>"; };
		139DE94C226A436E007F8AF9 /* Assets.xcassets */ = {isa = PBXFileReference; lastKnownFileType = folder.assetcatalog; path = Assets.xcassets; sourceTree = "<group>"; };
		139DE94D226A436E007F8AF9 /* Person.swift */ = {isa = PBXFileReference; fileEncoding = 4; lastKnownFileType = sourcecode.swift; path = Person.swift; sourceTree = "<group>"; };
		139DE94E226A436E007F8AF9 /* AddPhotosViewController.xib */ = {isa = PBXFileReference; fileEncoding = 4; lastKnownFileType = file.xib; path = AddPhotosViewController.xib; sourceTree = "<group>"; };
		139DE94F226A436E007F8AF9 /* PhotoViewController.xib */ = {isa = PBXFileReference; fileEncoding = 4; lastKnownFileType = file.xib; path = PhotoViewController.xib; sourceTree = "<group>"; };
		139DE950226A436E007F8AF9 /* PersonSelectionViewDelegate.swift */ = {isa = PBXFileReference; fileEncoding = 4; lastKnownFileType = sourcecode.swift; path = PersonSelectionViewDelegate.swift; sourceTree = "<group>"; };
		139DE951226A436F007F8AF9 /* PersonSelectionTableCellView.swift */ = {isa = PBXFileReference; fileEncoding = 4; lastKnownFileType = sourcecode.swift; path = PersonSelectionTableCellView.swift; sourceTree = "<group>"; };
		139DE952226A436F007F8AF9 /* PersonQuickAddViewController.xib */ = {isa = PBXFileReference; fileEncoding = 4; lastKnownFileType = file.xib; path = PersonQuickAddViewController.xib; sourceTree = "<group>"; };
		139DE953226A436F007F8AF9 /* PreferencesViewController.swift */ = {isa = PBXFileReference; fileEncoding = 4; lastKnownFileType = sourcecode.swift; path = PreferencesViewController.swift; sourceTree = "<group>"; };
		139DE954226A436F007F8AF9 /* PersonDetailWindowController.xib */ = {isa = PBXFileReference; fileEncoding = 4; lastKnownFileType = file.xib; path = PersonDetailWindowController.xib; sourceTree = "<group>"; };
		139DE955226A436F007F8AF9 /* PersonQuickAddDelegate.swift */ = {isa = PBXFileReference; fileEncoding = 4; lastKnownFileType = sourcecode.swift; path = PersonQuickAddDelegate.swift; sourceTree = "<group>"; };
		139DE956226A436F007F8AF9 /* PersonDetailViewController.swift */ = {isa = PBXFileReference; fileEncoding = 4; lastKnownFileType = sourcecode.swift; path = PersonDetailViewController.swift; sourceTree = "<group>"; };
		139DE957226A436F007F8AF9 /* PersonViewController.xib */ = {isa = PBXFileReference; fileEncoding = 4; lastKnownFileType = file.xib; path = PersonViewController.xib; sourceTree = "<group>"; };
		139DE958226A436F007F8AF9 /* PlacesViewController.swift */ = {isa = PBXFileReference; fileEncoding = 4; lastKnownFileType = sourcecode.swift; path = PlacesViewController.swift; sourceTree = "<group>"; };
		139DE959226A436F007F8AF9 /* PlacesViewController.xib */ = {isa = PBXFileReference; fileEncoding = 4; lastKnownFileType = file.xib; path = PlacesViewController.xib; sourceTree = "<group>"; };
		139DE95A226A436F007F8AF9 /* PreferencesViewController.xib */ = {isa = PBXFileReference; fileEncoding = 4; lastKnownFileType = file.xib; path = PreferencesViewController.xib; sourceTree = "<group>"; };
		139DE95B226A436F007F8AF9 /* IndexedDictionary.swift */ = {isa = PBXFileReference; fileEncoding = 4; lastKnownFileType = sourcecode.swift; path = IndexedDictionary.swift; sourceTree = "<group>"; };
		139DE95C226A4370007F8AF9 /* Spot.swift */ = {isa = PBXFileReference; fileEncoding = 4; lastKnownFileType = sourcecode.swift; path = Spot.swift; sourceTree = "<group>"; };
		139DE95D226A4370007F8AF9 /* PreferencesDelegate.swift */ = {isa = PBXFileReference; fileEncoding = 4; lastKnownFileType = sourcecode.swift; path = PreferencesDelegate.swift; sourceTree = "<group>"; };
		139DE95E226A4370007F8AF9 /* PersonViewController.swift */ = {isa = PBXFileReference; fileEncoding = 4; lastKnownFileType = sourcecode.swift; path = PersonViewController.swift; sourceTree = "<group>"; };
		139DE95F226A4370007F8AF9 /* HasUniqueID.swift */ = {isa = PBXFileReference; fileEncoding = 4; lastKnownFileType = sourcecode.swift; path = HasUniqueID.swift; sourceTree = "<group>"; };
		139DE960226A4370007F8AF9 /* PersonDetailViewController.xib */ = {isa = PBXFileReference; fileEncoding = 4; lastKnownFileType = file.xib; path = PersonDetailViewController.xib; sourceTree = "<group>"; };
		139DE961226A4370007F8AF9 /* Base.lproj */ = {isa = PBXFileReference; lastKnownFileType = folder; path = Base.lproj; sourceTree = "<group>"; };
		139DE962226A4370007F8AF9 /* PersonCollectionViewItem.swift */ = {isa = PBXFileReference; fileEncoding = 4; lastKnownFileType = sourcecode.swift; path = PersonCollectionViewItem.swift; sourceTree = "<group>"; };
		139DE963226A4370007F8AF9 /* JSONManager.swift */ = {isa = PBXFileReference; fileEncoding = 4; lastKnownFileType = sourcecode.swift; path = JSONManager.swift; sourceTree = "<group>"; };
		139DE964226A4370007F8AF9 /* PersonSelectionViewController.xib */ = {isa = PBXFileReference; fileEncoding = 4; lastKnownFileType = file.xib; path = PersonSelectionViewController.xib; sourceTree = "<group>"; };
		139DE965226A4370007F8AF9 /* LocalFileManager.swift */ = {isa = PBXFileReference; fileEncoding = 4; lastKnownFileType = sourcecode.swift; path = LocalFileManager.swift; sourceTree = "<group>"; };
		139DE998226A472D007F8AF9 /* Main.storyboard */ = {isa = PBXFileReference; fileEncoding = 4; lastKnownFileType = file.storyboard; path = Main.storyboard; sourceTree = "<group>"; };
/* End PBXFileReference section */

/* Begin PBXFrameworksBuildPhase section */
		139DE922226A4300007F8AF9 /* Frameworks */ = {
			isa = PBXFrameworksBuildPhase;
			buildActionMask = 2147483647;
			files = (
			);
			runOnlyForDeploymentPostprocessing = 0;
		};
/* End PBXFrameworksBuildPhase section */

/* Begin PBXGroup section */
		13908652226E420B000B8F3F /* Services */ = {
			isa = PBXGroup;
			children = (
				13908653226E421A000B8F3F /* StartupService.swift */,
			);
			path = Services;
			sourceTree = "<group>";
		};
		13908657226E505D000B8F3F /* Tools */ = {
			isa = PBXGroup;
			children = (
				139DE949226A436E007F8AF9 /* ConsistencyManager.swift */,
				139DE963226A4370007F8AF9 /* JSONManager.swift */,
				139DE940226A436E007F8AF9 /* UniqueIDGenerator.swift */,
				139DE95B226A436F007F8AF9 /* IndexedDictionary.swift */,
				139DE965226A4370007F8AF9 /* LocalFileManager.swift */,
				139DE93C226A436E007F8AF9 /* Factbook.swift */,
				139DE93D226A436E007F8AF9 /* DataStore.swift */,
			);
			path = Tools;
			sourceTree = "<group>";
		};
		139DE91C226A4300007F8AF9 = {
			isa = PBXGroup;
			children = (
				139DE927226A4300007F8AF9 /* MacPhoto */,
				139DE926226A4300007F8AF9 /* Products */,
			);
			sourceTree = "<group>";
		};
		139DE926226A4300007F8AF9 /* Products */ = {
			isa = PBXGroup;
			children = (
				139DE925226A4300007F8AF9 /* MacPhoto.app */,
			);
			name = Products;
			sourceTree = "<group>";
		};
		139DE927226A4300007F8AF9 /* MacPhoto */ = {
			isa = PBXGroup;
			children = (
				13908657226E505D000B8F3F /* Tools */,
				13908652226E420B000B8F3F /* Services */,
				139DE99C226A490F007F8AF9 /* View */,
				139DE99B226A490B007F8AF9 /* Model */,
				139DE99A226A4903007F8AF9 /* Extensions */,
				139DE94C226A436E007F8AF9 /* Assets.xcassets */,
				139DE961226A4370007F8AF9 /* Base.lproj */,
				139DE92F226A4301007F8AF9 /* Info.plist */,
				139DE930226A4301007F8AF9 /* MacPhoto.entitlements */,
			);
			path = MacPhoto;
			sourceTree = "<group>";
		};
		139DE99A226A4903007F8AF9 /* Extensions */ = {
			isa = PBXGroup;
			children = (
				139DE93B226A436D007F8AF9 /* OperationQueue.swift */,
				139DE936226A436D007F8AF9 /* Date.swift */,
				139DE944226A436E007F8AF9 /* FileManager.swift */,
			);
			path = Extensions;
			sourceTree = "<group>";
		};
		139DE99B226A490B007F8AF9 /* Model */ = {
			isa = PBXGroup;
			children = (
				139DE941226A436E007F8AF9 /* Album.swift */,
				139DE939226A436D007F8AF9 /* Area.swift */,
				139DE95C226A4370007F8AF9 /* Spot.swift */,
				139DE94D226A436E007F8AF9 /* Person.swift */,
				139DE947226A436E007F8AF9 /* Photo.swift */,
				139DE93A226A436D007F8AF9 /* Location.swift */,
				139DE95F226A4370007F8AF9 /* HasUniqueID.swift */,
			);
			path = Model;
			sourceTree = "<group>";
		};
		139DE99C226A490F007F8AF9 /* View */ = {
			isa = PBXGroup;
			children = (
				139DE99D226A5D4C007F8AF9 /* Main Window */,
				139DE998226A472D007F8AF9 /* Main.storyboard */,
				139DE928226A4300007F8AF9 /* AppDelegate.swift */,
				139DE945226A436E007F8AF9 /* AddPhotosViewController.swift */,
				139DE94E226A436E007F8AF9 /* AddPhotosViewController.xib */,
				139DE962226A4370007F8AF9 /* PersonCollectionViewItem.swift */,
				139DE937226A436D007F8AF9 /* PersonCollectionViewItem.xib */,
				139DE956226A436F007F8AF9 /* PersonDetailViewController.swift */,
				139DE960226A4370007F8AF9 /* PersonDetailViewController.xib */,
				139DE938226A436D007F8AF9 /* PersonDetailWindowController.swift */,
				139DE954226A436F007F8AF9 /* PersonDetailWindowController.xib */,
				139DE955226A436F007F8AF9 /* PersonQuickAddDelegate.swift */,
				139DE942226A436E007F8AF9 /* PersonQuickAddViewController.swift */,
				139DE952226A436F007F8AF9 /* PersonQuickAddViewController.xib */,
				139DE951226A436F007F8AF9 /* PersonSelectionTableCellView.swift */,
				139DE948226A436E007F8AF9 /* PersonSelectionViewController.swift */,
				139DE964226A4370007F8AF9 /* PersonSelectionViewController.xib */,
				139DE950226A436E007F8AF9 /* PersonSelectionViewDelegate.swift */,
				139DE93F226A436E007F8AF9 /* PhotoCollectionViewItem.swift */,
				139DE943226A436E007F8AF9 /* PhotoCollectionViewItem.xib */,
				139DE94A226A436E007F8AF9 /* PhotoDetailViewController.swift */,
				139DE94B226A436E007F8AF9 /* PhotoDetailViewController.xib */,
				139DE95D226A4370007F8AF9 /* PreferencesDelegate.swift */,
				139DE953226A436F007F8AF9 /* PreferencesViewController.swift */,
				139DE95A226A436F007F8AF9 /* PreferencesViewController.xib */,
			);
			path = View;
			sourceTree = "<group>";
		};
		139DE99D226A5D4C007F8AF9 /* Main Window */ = {
			isa = PBXGroup;
			children = (
				139DE946226A436E007F8AF9 /* MainWindowController.swift */,
				139DE93E226A436E007F8AF9 /* PhotoViewController.swift */,
				139DE94F226A436E007F8AF9 /* PhotoViewController.xib */,
				139DE95E226A4370007F8AF9 /* PersonViewController.swift */,
				139DE957226A436F007F8AF9 /* PersonViewController.xib */,
				139DE958226A436F007F8AF9 /* PlacesViewController.swift */,
				139DE959226A436F007F8AF9 /* PlacesViewController.xib */,
			);
			path = "Main Window";
			sourceTree = "<group>";
		};
/* End PBXGroup section */

/* Begin PBXNativeTarget section */
		139DE924226A4300007F8AF9 /* MacPhoto */ = {
			isa = PBXNativeTarget;
			buildConfigurationList = 139DE933226A4301007F8AF9 /* Build configuration list for PBXNativeTarget "MacPhoto" */;
			buildPhases = (
				139DE921226A4300007F8AF9 /* Sources */,
				139DE922226A4300007F8AF9 /* Frameworks */,
				139DE923226A4300007F8AF9 /* Resources */,
			);
			buildRules = (
			);
			dependencies = (
			);
			name = MacPhoto;
			productName = MacPhoto;
			productReference = 139DE925226A4300007F8AF9 /* MacPhoto.app */;
			productType = "com.apple.product-type.application";
		};
/* End PBXNativeTarget section */

/* Begin PBXProject section */
		139DE91D226A4300007F8AF9 /* Project object */ = {
			isa = PBXProject;
			attributes = {
				LastSwiftUpdateCheck = 1020;
				LastUpgradeCheck = 1020;
				ORGANIZATIONNAME = "Christopher Boynton";
				TargetAttributes = {
					139DE924226A4300007F8AF9 = {
						CreatedOnToolsVersion = 10.2.1;
					};
				};
			};
			buildConfigurationList = 139DE920226A4300007F8AF9 /* Build configuration list for PBXProject "MacPhoto" */;
			compatibilityVersion = "Xcode 9.3";
			developmentRegion = en;
			hasScannedForEncodings = 0;
			knownRegions = (
				en,
				Base,
			);
			mainGroup = 139DE91C226A4300007F8AF9;
			productRefGroup = 139DE926226A4300007F8AF9 /* Products */;
			projectDirPath = "";
			projectRoot = "";
			targets = (
				139DE924226A4300007F8AF9 /* MacPhoto */,
			);
		};
/* End PBXProject section */

/* Begin PBXResourcesBuildPhase section */
		139DE923226A4300007F8AF9 /* Resources */ = {
			isa = PBXResourcesBuildPhase;
			buildActionMask = 2147483647;
			files = (
				139DE989226A4370007F8AF9 /* PlacesViewController.xib in Resources */,
				139DE97B226A4370007F8AF9 /* PhotoDetailViewController.xib in Resources */,
				139DE97F226A4370007F8AF9 /* PhotoViewController.xib in Resources */,
				139DE973226A4370007F8AF9 /* PhotoCollectionViewItem.xib in Resources */,
				139DE967226A4370007F8AF9 /* PersonCollectionViewItem.xib in Resources */,
				139DE98A226A4370007F8AF9 /* PreferencesViewController.xib in Resources */,
				139DE987226A4370007F8AF9 /* PersonViewController.xib in Resources */,
				139DE991226A4370007F8AF9 /* Base.lproj in Resources */,
				139DE982226A4370007F8AF9 /* PersonQuickAddViewController.xib in Resources */,
				139DE994226A4370007F8AF9 /* PersonSelectionViewController.xib in Resources */,
				139DE999226A472D007F8AF9 /* Main.storyboard in Resources */,
				139DE97E226A4370007F8AF9 /* AddPhotosViewController.xib in Resources */,
				139DE990226A4370007F8AF9 /* PersonDetailViewController.xib in Resources */,
				139DE97C226A4370007F8AF9 /* Assets.xcassets in Resources */,
				139DE984226A4370007F8AF9 /* PersonDetailWindowController.xib in Resources */,
			);
			runOnlyForDeploymentPostprocessing = 0;
		};
/* End PBXResourcesBuildPhase section */

/* Begin PBXSourcesBuildPhase section */
		139DE921226A4300007F8AF9 /* Sources */ = {
			isa = PBXSourcesBuildPhase;
			buildActionMask = 2147483647;
			files = (
				139DE975226A4370007F8AF9 /* AddPhotosViewController.swift in Sources */,
				139DE96C226A4370007F8AF9 /* Factbook.swift in Sources */,
				139DE979226A4370007F8AF9 /* ConsistencyManager.swift in Sources */,
				139DE978226A4370007F8AF9 /* PersonSelectionViewController.swift in Sources */,
				139DE970226A4370007F8AF9 /* UniqueIDGenerator.swift in Sources */,
				139DE96D226A4370007F8AF9 /* DataStore.swift in Sources */,
				139DE974226A4370007F8AF9 /* FileManager.swift in Sources */,
				139DE972226A4370007F8AF9 /* PersonQuickAddViewController.swift in Sources */,
				139DE976226A4370007F8AF9 /* MainWindowController.swift in Sources */,
				139DE968226A4370007F8AF9 /* PersonDetailWindowController.swift in Sources */,
				139DE986226A4370007F8AF9 /* PersonDetailViewController.swift in Sources */,
				139DE96B226A4370007F8AF9 /* OperationQueue.swift in Sources */,
				139DE98F226A4370007F8AF9 /* HasUniqueID.swift in Sources */,
				139DE983226A4370007F8AF9 /* PreferencesViewController.swift in Sources */,
				139DE992226A4370007F8AF9 /* PersonCollectionViewItem.swift in Sources */,
				139DE929226A4300007F8AF9 /* AppDelegate.swift in Sources */,
				139DE977226A4370007F8AF9 /* Photo.swift in Sources */,
				139DE96E226A4370007F8AF9 /* PhotoViewController.swift in Sources */,
				139DE985226A4370007F8AF9 /* PersonQuickAddDelegate.swift in Sources */,
				139DE98D226A4370007F8AF9 /* PreferencesDelegate.swift in Sources */,
				139DE98B226A4370007F8AF9 /* IndexedDictionary.swift in Sources */,
				139DE98C226A4370007F8AF9 /* Spot.swift in Sources */,
				139DE981226A4370007F8AF9 /* PersonSelectionTableCellView.swift in Sources */,
				139DE988226A4370007F8AF9 /* PlacesViewController.swift in Sources */,
				139DE96A226A4370007F8AF9 /* Location.swift in Sources */,
				139DE980226A4370007F8AF9 /* PersonSelectionViewDelegate.swift in Sources */,
				139DE969226A4370007F8AF9 /* Area.swift in Sources */,
				13908654226E421A000B8F3F /* StartupService.swift in Sources */,
				139DE995226A4370007F8AF9 /* LocalFileManager.swift in Sources */,
				139DE993226A4370007F8AF9 /* JSONManager.swift in Sources */,
				139DE96F226A4370007F8AF9 /* PhotoCollectionViewItem.swift in Sources */,
				139DE966226A4370007F8AF9 /* Date.swift in Sources */,
				139DE97D226A4370007F8AF9 /* Person.swift in Sources */,
				139DE97A226A4370007F8AF9 /* PhotoDetailViewController.swift in Sources */,
				139DE98E226A4370007F8AF9 /* PersonViewController.swift in Sources */,
				139DE971226A4370007F8AF9 /* Album.swift in Sources */,
			);
			runOnlyForDeploymentPostprocessing = 0;
		};
/* End PBXSourcesBuildPhase section */

/* Begin XCBuildConfiguration section */
		139DE931226A4301007F8AF9 /* Debug */ = {
			isa = XCBuildConfiguration;
			buildSettings = {
				ALWAYS_SEARCH_USER_PATHS = NO;
				CLANG_ANALYZER_NONNULL = YES;
				CLANG_ANALYZER_NUMBER_OBJECT_CONVERSION = YES_AGGRESSIVE;
				CLANG_CXX_LANGUAGE_STANDARD = "gnu++14";
				CLANG_CXX_LIBRARY = "libc++";
				CLANG_ENABLE_MODULES = YES;
				CLANG_ENABLE_OBJC_ARC = YES;
				CLANG_ENABLE_OBJC_WEAK = YES;
				CLANG_WARN_BLOCK_CAPTURE_AUTORELEASING = YES;
				CLANG_WARN_BOOL_CONVERSION = YES;
				CLANG_WARN_COMMA = YES;
				CLANG_WARN_CONSTANT_CONVERSION = YES;
				CLANG_WARN_DEPRECATED_OBJC_IMPLEMENTATIONS = YES;
				CLANG_WARN_DIRECT_OBJC_ISA_USAGE = YES_ERROR;
				CLANG_WARN_DOCUMENTATION_COMMENTS = YES;
				CLANG_WARN_EMPTY_BODY = YES;
				CLANG_WARN_ENUM_CONVERSION = YES;
				CLANG_WARN_INFINITE_RECURSION = YES;
				CLANG_WARN_INT_CONVERSION = YES;
				CLANG_WARN_NON_LITERAL_NULL_CONVERSION = YES;
				CLANG_WARN_OBJC_IMPLICIT_RETAIN_SELF = YES;
				CLANG_WARN_OBJC_LITERAL_CONVERSION = YES;
				CLANG_WARN_OBJC_ROOT_CLASS = YES_ERROR;
				CLANG_WARN_RANGE_LOOP_ANALYSIS = YES;
				CLANG_WARN_STRICT_PROTOTYPES = YES;
				CLANG_WARN_SUSPICIOUS_MOVE = YES;
				CLANG_WARN_UNGUARDED_AVAILABILITY = YES_AGGRESSIVE;
				CLANG_WARN_UNREACHABLE_CODE = YES;
				CLANG_WARN__DUPLICATE_METHOD_MATCH = YES;
				CODE_SIGN_IDENTITY = "Mac Developer";
				COPY_PHASE_STRIP = NO;
				DEBUG_INFORMATION_FORMAT = dwarf;
				ENABLE_STRICT_OBJC_MSGSEND = YES;
				ENABLE_TESTABILITY = YES;
				GCC_C_LANGUAGE_STANDARD = gnu11;
				GCC_DYNAMIC_NO_PIC = NO;
				GCC_NO_COMMON_BLOCKS = YES;
				GCC_OPTIMIZATION_LEVEL = 0;
				GCC_PREPROCESSOR_DEFINITIONS = (
					"DEBUG=1",
					"$(inherited)",
				);
				GCC_WARN_64_TO_32_BIT_CONVERSION = YES;
				GCC_WARN_ABOUT_RETURN_TYPE = YES_ERROR;
				GCC_WARN_UNDECLARED_SELECTOR = YES;
				GCC_WARN_UNINITIALIZED_AUTOS = YES_AGGRESSIVE;
				GCC_WARN_UNUSED_FUNCTION = YES;
				GCC_WARN_UNUSED_VARIABLE = YES;
				MACOSX_DEPLOYMENT_TARGET = 10.14;
				MTL_ENABLE_DEBUG_INFO = INCLUDE_SOURCE;
				MTL_FAST_MATH = YES;
				ONLY_ACTIVE_ARCH = YES;
				SDKROOT = macosx;
				SWIFT_ACTIVE_COMPILATION_CONDITIONS = DEBUG;
				SWIFT_OPTIMIZATION_LEVEL = "-Onone";
			};
			name = Debug;
		};
		139DE932226A4301007F8AF9 /* Release */ = {
			isa = XCBuildConfiguration;
			buildSettings = {
				ALWAYS_SEARCH_USER_PATHS = NO;
				CLANG_ANALYZER_NONNULL = YES;
				CLANG_ANALYZER_NUMBER_OBJECT_CONVERSION = YES_AGGRESSIVE;
				CLANG_CXX_LANGUAGE_STANDARD = "gnu++14";
				CLANG_CXX_LIBRARY = "libc++";
				CLANG_ENABLE_MODULES = YES;
				CLANG_ENABLE_OBJC_ARC = YES;
				CLANG_ENABLE_OBJC_WEAK = YES;
				CLANG_WARN_BLOCK_CAPTURE_AUTORELEASING = YES;
				CLANG_WARN_BOOL_CONVERSION = YES;
				CLANG_WARN_COMMA = YES;
				CLANG_WARN_CONSTANT_CONVERSION = YES;
				CLANG_WARN_DEPRECATED_OBJC_IMPLEMENTATIONS = YES;
				CLANG_WARN_DIRECT_OBJC_ISA_USAGE = YES_ERROR;
				CLANG_WARN_DOCUMENTATION_COMMENTS = YES;
				CLANG_WARN_EMPTY_BODY = YES;
				CLANG_WARN_ENUM_CONVERSION = YES;
				CLANG_WARN_INFINITE_RECURSION = YES;
				CLANG_WARN_INT_CONVERSION = YES;
				CLANG_WARN_NON_LITERAL_NULL_CONVERSION = YES;
				CLANG_WARN_OBJC_IMPLICIT_RETAIN_SELF = YES;
				CLANG_WARN_OBJC_LITERAL_CONVERSION = YES;
				CLANG_WARN_OBJC_ROOT_CLASS = YES_ERROR;
				CLANG_WARN_RANGE_LOOP_ANALYSIS = YES;
				CLANG_WARN_STRICT_PROTOTYPES = YES;
				CLANG_WARN_SUSPICIOUS_MOVE = YES;
				CLANG_WARN_UNGUARDED_AVAILABILITY = YES_AGGRESSIVE;
				CLANG_WARN_UNREACHABLE_CODE = YES;
				CLANG_WARN__DUPLICATE_METHOD_MATCH = YES;
				CODE_SIGN_IDENTITY = "Mac Developer";
				COPY_PHASE_STRIP = NO;
				DEBUG_INFORMATION_FORMAT = "dwarf-with-dsym";
				ENABLE_NS_ASSERTIONS = NO;
				ENABLE_STRICT_OBJC_MSGSEND = YES;
				GCC_C_LANGUAGE_STANDARD = gnu11;
				GCC_NO_COMMON_BLOCKS = YES;
				GCC_WARN_64_TO_32_BIT_CONVERSION = YES;
				GCC_WARN_ABOUT_RETURN_TYPE = YES_ERROR;
				GCC_WARN_UNDECLARED_SELECTOR = YES;
				GCC_WARN_UNINITIALIZED_AUTOS = YES_AGGRESSIVE;
				GCC_WARN_UNUSED_FUNCTION = YES;
				GCC_WARN_UNUSED_VARIABLE = YES;
				MACOSX_DEPLOYMENT_TARGET = 10.14;
				MTL_ENABLE_DEBUG_INFO = NO;
				MTL_FAST_MATH = YES;
				SDKROOT = macosx;
				SWIFT_COMPILATION_MODE = wholemodule;
				SWIFT_OPTIMIZATION_LEVEL = "-O";
			};
			name = Release;
		};
		139DE934226A4301007F8AF9 /* Debug */ = {
			isa = XCBuildConfiguration;
			buildSettings = {
				ASSETCATALOG_COMPILER_APPICON_NAME = AppIcon;
				CODE_SIGN_ENTITLEMENTS = MacPhoto/MacPhoto.entitlements;
				CODE_SIGN_STYLE = Automatic;
				COMBINE_HIDPI_IMAGES = YES;
				DEVELOPMENT_TEAM = 6X2L9APT92;
				INFOPLIST_FILE = MacPhoto/Info.plist;
				LD_RUNPATH_SEARCH_PATHS = (
					"$(inherited)",
					"@executable_path/../Frameworks",
				);
				PRODUCT_BUNDLE_IDENTIFIER = self.MacPhoto;
				PRODUCT_NAME = "$(TARGET_NAME)";
				SWIFT_VERSION = 5.0;
			};
			name = Debug;
		};
		139DE935226A4301007F8AF9 /* Release */ = {
			isa = XCBuildConfiguration;
			buildSettings = {
				ASSETCATALOG_COMPILER_APPICON_NAME = AppIcon;
				CODE_SIGN_ENTITLEMENTS = MacPhoto/MacPhoto.entitlements;
				CODE_SIGN_STYLE = Automatic;
				COMBINE_HIDPI_IMAGES = YES;
				DEVELOPMENT_TEAM = 6X2L9APT92;
				INFOPLIST_FILE = MacPhoto/Info.plist;
				LD_RUNPATH_SEARCH_PATHS = (
					"$(inherited)",
					"@executable_path/../Frameworks",
				);
				PRODUCT_BUNDLE_IDENTIFIER = self.MacPhoto;
				PRODUCT_NAME = "$(TARGET_NAME)";
				SWIFT_VERSION = 5.0;
			};
			name = Release;
		};
/* End XCBuildConfiguration section */

/* Begin XCConfigurationList section */
		139DE920226A4300007F8AF9 /* Build configuration list for PBXProject "MacPhoto" */ = {
			isa = XCConfigurationList;
			buildConfigurations = (
				139DE931226A4301007F8AF9 /* Debug */,
				139DE932226A4301007F8AF9 /* Release */,
			);
			defaultConfigurationIsVisible = 0;
			defaultConfigurationName = Release;
		};
		139DE933226A4301007F8AF9 /* Build configuration list for PBXNativeTarget "MacPhoto" */ = {
			isa = XCConfigurationList;
			buildConfigurations = (
				139DE934226A4301007F8AF9 /* Debug */,
				139DE935226A4301007F8AF9 /* Release */,
			);
			defaultConfigurationIsVisible = 0;
			defaultConfigurationName = Release;
		};
/* End XCConfigurationList section */
	};
	rootObject = 139DE91D226A4300007F8AF9 /* Project object */;
}
