// !$*UTF8*$!
{
	archiveVersion = 1;
	classes = {
	};
	objectVersion = 46;
	objects = {

/* Begin PBXBuildFile section */
		131653131E5B8091007F4E76 /* AppDelegate.swift in Sources */ = {isa = PBXBuildFile; fileRef = 131653121E5B8091007F4E76 /* AppDelegate.swift */; };
		131653151E5B8091007F4E76 /* ViewController.swift in Sources */ = {isa = PBXBuildFile; fileRef = 131653141E5B8091007F4E76 /* ViewController.swift */; };
		131653171E5B8091007F4E76 /* Assets.xcassets in Resources */ = {isa = PBXBuildFile; fileRef = 131653161E5B8091007F4E76 /* Assets.xcassets */; };
		1316531A1E5B8091007F4E76 /* Main.storyboard in Resources */ = {isa = PBXBuildFile; fileRef = 131653181E5B8091007F4E76 /* Main.storyboard */; };
		131653261E5B8130007F4E76 /* DataStore.swift in Sources */ = {isa = PBXBuildFile; fileRef = 131653211E5B8130007F4E76 /* DataStore.swift */; };
		131653271E5B8130007F4E76 /* ImageFileManager.swift in Sources */ = {isa = PBXBuildFile; fileRef = 131653221E5B8130007F4E76 /* ImageFileManager.swift */; };
		131653281E5B8130007F4E76 /* Location.swift in Sources */ = {isa = PBXBuildFile; fileRef = 131653231E5B8130007F4E76 /* Location.swift */; };
		131653291E5B8130007F4E76 /* Photo.swift in Sources */ = {isa = PBXBuildFile; fileRef = 131653241E5B8130007F4E76 /* Photo.swift */; };
		1316532A1E5B8130007F4E76 /* UniqueIDGenerator.swift in Sources */ = {isa = PBXBuildFile; fileRef = 131653251E5B8130007F4E76 /* UniqueIDGenerator.swift */; };
		1316532C1E5B8157007F4E76 /* DataManager.swift in Sources */ = {isa = PBXBuildFile; fileRef = 1316532B1E5B8157007F4E76 /* DataManager.swift */; };
/* End PBXBuildFile section */

/* Begin PBXFileReference section */
		1316530F1E5B8091007F4E76 /* MacPhoto.app */ = {isa = PBXFileReference; explicitFileType = wrapper.application; includeInIndex = 0; path = MacPhoto.app; sourceTree = BUILT_PRODUCTS_DIR; };
		131653121E5B8091007F4E76 /* AppDelegate.swift */ = {isa = PBXFileReference; lastKnownFileType = sourcecode.swift; path = AppDelegate.swift; sourceTree = "<group>"; };
		131653141E5B8091007F4E76 /* ViewController.swift */ = {isa = PBXFileReference; lastKnownFileType = sourcecode.swift; path = ViewController.swift; sourceTree = "<group>"; };
		131653161E5B8091007F4E76 /* Assets.xcassets */ = {isa = PBXFileReference; lastKnownFileType = folder.assetcatalog; path = Assets.xcassets; sourceTree = "<group>"; };
		131653191E5B8091007F4E76 /* Base */ = {isa = PBXFileReference; lastKnownFileType = file.storyboard; name = Base; path = Base.lproj/Main.storyboard; sourceTree = "<group>"; };
		1316531B1E5B8091007F4E76 /* Info.plist */ = {isa = PBXFileReference; lastKnownFileType = text.plist.xml; path = Info.plist; sourceTree = "<group>"; };
		131653211E5B8130007F4E76 /* DataStore.swift */ = {isa = PBXFileReference; fileEncoding = 4; lastKnownFileType = sourcecode.swift; path = DataStore.swift; sourceTree = "<group>"; };
		131653221E5B8130007F4E76 /* ImageFileManager.swift */ = {isa = PBXFileReference; fileEncoding = 4; lastKnownFileType = sourcecode.swift; path = ImageFileManager.swift; sourceTree = "<group>"; };
		131653231E5B8130007F4E76 /* Location.swift */ = {isa = PBXFileReference; fileEncoding = 4; lastKnownFileType = sourcecode.swift; path = Location.swift; sourceTree = "<group>"; };
		131653241E5B8130007F4E76 /* Photo.swift */ = {isa = PBXFileReference; fileEncoding = 4; lastKnownFileType = sourcecode.swift; path = Photo.swift; sourceTree = "<group>"; };
		131653251E5B8130007F4E76 /* UniqueIDGenerator.swift */ = {isa = PBXFileReference; fileEncoding = 4; lastKnownFileType = sourcecode.swift; path = UniqueIDGenerator.swift; sourceTree = "<group>"; };
		1316532B1E5B8157007F4E76 /* DataManager.swift */ = {isa = PBXFileReference; fileEncoding = 4; lastKnownFileType = sourcecode.swift; path = DataManager.swift; sourceTree = "<group>"; };
/* End PBXFileReference section */

/* Begin PBXFrameworksBuildPhase section */
		1316530C1E5B8091007F4E76 /* Frameworks */ = {
			isa = PBXFrameworksBuildPhase;
			buildActionMask = 2147483647;
			files = (
			);
			runOnlyForDeploymentPostprocessing = 0;
		};
/* End PBXFrameworksBuildPhase section */

/* Begin PBXGroup section */
		131653061E5B8091007F4E76 = {
			isa = PBXGroup;
			children = (
				131653111E5B8091007F4E76 /* MacPhoto */,
				131653101E5B8091007F4E76 /* Products */,
			);
			sourceTree = "<group>";
		};
		131653101E5B8091007F4E76 /* Products */ = {
			isa = PBXGroup;
			children = (
				1316530F1E5B8091007F4E76 /* MacPhoto.app */,
			);
			name = Products;
			sourceTree = "<group>";
		};
		131653111E5B8091007F4E76 /* MacPhoto */ = {
			isa = PBXGroup;
			children = (
				1316532F1E5B81B1007F4E76 /* Model */,
				131653121E5B8091007F4E76 /* AppDelegate.swift */,
				131653141E5B8091007F4E76 /* ViewController.swift */,
				131653161E5B8091007F4E76 /* Assets.xcassets */,
				131653181E5B8091007F4E76 /* Main.storyboard */,
				1316531B1E5B8091007F4E76 /* Info.plist */,
			);
			path = MacPhoto;
			sourceTree = "<group>";
		};
		1316532D1E5B8190007F4E76 /* DataModel */ = {
			isa = PBXGroup;
			children = (
				131653211E5B8130007F4E76 /* DataStore.swift */,
				1316532B1E5B8157007F4E76 /* DataManager.swift */,
				131653221E5B8130007F4E76 /* ImageFileManager.swift */,
			);
			name = DataModel;
			sourceTree = "<group>";
		};
		1316532E1E5B81AA007F4E76 /* Toolbox */ = {
			isa = PBXGroup;
			children = (
				131653251E5B8130007F4E76 /* UniqueIDGenerator.swift */,
			);
			name = Toolbox;
			sourceTree = "<group>";
		};
		1316532F1E5B81B1007F4E76 /* Model */ = {
			isa = PBXGroup;
			children = (
				1316532E1E5B81AA007F4E76 /* Toolbox */,
				1316532D1E5B8190007F4E76 /* DataModel */,
				131653231E5B8130007F4E76 /* Location.swift */,
				131653241E5B8130007F4E76 /* Photo.swift */,
			);
			name = Model;
			sourceTree = "<group>";
		};
/* End PBXGroup section */

/* Begin PBXNativeTarget section */
		1316530E1E5B8091007F4E76 /* MacPhoto */ = {
			isa = PBXNativeTarget;
			buildConfigurationList = 1316531E1E5B8091007F4E76 /* Build configuration list for PBXNativeTarget "MacPhoto" */;
			buildPhases = (
				1316530B1E5B8091007F4E76 /* Sources */,
				1316530C1E5B8091007F4E76 /* Frameworks */,
				1316530D1E5B8091007F4E76 /* Resources */,
			);
			buildRules = (
			);
			dependencies = (
			);
			name = MacPhoto;
			productName = MacPhoto;
			productReference = 1316530F1E5B8091007F4E76 /* MacPhoto.app */;
			productType = "com.apple.product-type.application";
		};
/* End PBXNativeTarget section */

/* Begin PBXProject section */
		131653071E5B8091007F4E76 /* Project object */ = {
			isa = PBXProject;
			attributes = {
				LastSwiftUpdateCheck = 0820;
				LastUpgradeCheck = 0820;
				ORGANIZATIONNAME = "Christopher Boynton";
				TargetAttributes = {
					1316530E1E5B8091007F4E76 = {
						CreatedOnToolsVersion = 8.2.1;
						ProvisioningStyle = Automatic;
					};
				};
			};
			buildConfigurationList = 1316530A1E5B8091007F4E76 /* Build configuration list for PBXProject "MacPhoto" */;
			compatibilityVersion = "Xcode 3.2";
			developmentRegion = English;
			hasScannedForEncodings = 0;
			knownRegions = (
				en,
				Base,
			);
			mainGroup = 131653061E5B8091007F4E76;
			productRefGroup = 131653101E5B8091007F4E76 /* Products */;
			projectDirPath = "";
			projectRoot = "";
			targets = (
				1316530E1E5B8091007F4E76 /* MacPhoto */,
			);
		};
/* End PBXProject section */

/* Begin PBXResourcesBuildPhase section */
		1316530D1E5B8091007F4E76 /* Resources */ = {
			isa = PBXResourcesBuildPhase;
			buildActionMask = 2147483647;
			files = (
				131653171E5B8091007F4E76 /* Assets.xcassets in Resources */,
				1316531A1E5B8091007F4E76 /* Main.storyboard in Resources */,
			);
			runOnlyForDeploymentPostprocessing = 0;
		};
/* End PBXResourcesBuildPhase section */

/* Begin PBXSourcesBuildPhase section */
		1316530B1E5B8091007F4E76 /* Sources */ = {
			isa = PBXSourcesBuildPhase;
			buildActionMask = 2147483647;
			files = (
				131653291E5B8130007F4E76 /* Photo.swift in Sources */,
				1316532C1E5B8157007F4E76 /* DataManager.swift in Sources */,
				1316532A1E5B8130007F4E76 /* UniqueIDGenerator.swift in Sources */,
				131653151E5B8091007F4E76 /* ViewController.swift in Sources */,
				131653261E5B8130007F4E76 /* DataStore.swift in Sources */,
				131653281E5B8130007F4E76 /* Location.swift in Sources */,
				131653131E5B8091007F4E76 /* AppDelegate.swift in Sources */,
				131653271E5B8130007F4E76 /* ImageFileManager.swift in Sources */,
			);
			runOnlyForDeploymentPostprocessing = 0;
		};
/* End PBXSourcesBuildPhase section */

/* Begin PBXVariantGroup section */
		131653181E5B8091007F4E76 /* Main.storyboard */ = {
			isa = PBXVariantGroup;
			children = (
				131653191E5B8091007F4E76 /* Base */,
			);
			name = Main.storyboard;
			sourceTree = "<group>";
		};
/* End PBXVariantGroup section */

/* Begin XCBuildConfiguration section */
		1316531C1E5B8091007F4E76 /* Debug */ = {
			isa = XCBuildConfiguration;
			buildSettings = {
				ALWAYS_SEARCH_USER_PATHS = NO;
				CLANG_ANALYZER_NONNULL = YES;
				CLANG_CXX_LANGUAGE_STANDARD = "gnu++0x";
				CLANG_CXX_LIBRARY = "libc++";
				CLANG_ENABLE_MODULES = YES;
				CLANG_ENABLE_OBJC_ARC = YES;
				CLANG_WARN_BOOL_CONVERSION = YES;
				CLANG_WARN_CONSTANT_CONVERSION = YES;
				CLANG_WARN_DIRECT_OBJC_ISA_USAGE = YES_ERROR;
				CLANG_WARN_DOCUMENTATION_COMMENTS = YES;
				CLANG_WARN_EMPTY_BODY = YES;
				CLANG_WARN_ENUM_CONVERSION = YES;
				CLANG_WARN_INFINITE_RECURSION = YES;
				CLANG_WARN_INT_CONVERSION = YES;
				CLANG_WARN_OBJC_ROOT_CLASS = YES_ERROR;
				CLANG_WARN_SUSPICIOUS_MOVE = YES;
				CLANG_WARN_UNREACHABLE_CODE = YES;
				CLANG_WARN__DUPLICATE_METHOD_MATCH = YES;
				CODE_SIGN_IDENTITY = "-";
				COPY_PHASE_STRIP = NO;
				DEBUG_INFORMATION_FORMAT = dwarf;
				ENABLE_STRICT_OBJC_MSGSEND = YES;
				ENABLE_TESTABILITY = YES;
				GCC_C_LANGUAGE_STANDARD = gnu99;
				GCC_DYNAMIC_NO_PIC = NO;
				GCC_NO_COMMON_BLOCKS = YES;
				GCC_OPTIMIZATION_LEVEL = 0;
				GCC_PREPROCESSOR_DEFINITIONS = (
					"DEBUG=1",
					"$(inherited)",
				);
				GCC_WARN_64_TO_32_BIT_CONVERSION = YES;
				GCC_WARN_ABOUT_RETURN_TYPE = YES_ERROR;
				GCC_WARN_UNDECLARED_SELECTOR = YES;
				GCC_WARN_UNINITIALIZED_AUTOS = YES_AGGRESSIVE;
				GCC_WARN_UNUSED_FUNCTION = YES;
				GCC_WARN_UNUSED_VARIABLE = YES;
				MACOSX_DEPLOYMENT_TARGET = 10.12;
				MTL_ENABLE_DEBUG_INFO = YES;
				ONLY_ACTIVE_ARCH = YES;
				SDKROOT = macosx;
				SWIFT_ACTIVE_COMPILATION_CONDITIONS = DEBUG;
				SWIFT_OPTIMIZATION_LEVEL = "-Onone";
			};
			name = Debug;
		};
		1316531D1E5B8091007F4E76 /* Release */ = {
			isa = XCBuildConfiguration;
			buildSettings = {
				ALWAYS_SEARCH_USER_PATHS = NO;
				CLANG_ANALYZER_NONNULL = YES;
				CLANG_CXX_LANGUAGE_STANDARD = "gnu++0x";
				CLANG_CXX_LIBRARY = "libc++";
				CLANG_ENABLE_MODULES = YES;
				CLANG_ENABLE_OBJC_ARC = YES;
				CLANG_WARN_BOOL_CONVERSION = YES;
				CLANG_WARN_CONSTANT_CONVERSION = YES;
				CLANG_WARN_DIRECT_OBJC_ISA_USAGE = YES_ERROR;
				CLANG_WARN_DOCUMENTATION_COMMENTS = YES;
				CLANG_WARN_EMPTY_BODY = YES;
				CLANG_WARN_ENUM_CONVERSION = YES;
				CLANG_WARN_INFINITE_RECURSION = YES;
				CLANG_WARN_INT_CONVERSION = YES;
				CLANG_WARN_OBJC_ROOT_CLASS = YES_ERROR;
				CLANG_WARN_SUSPICIOUS_MOVE = YES;
				CLANG_WARN_UNREACHABLE_CODE = YES;
				CLANG_WARN__DUPLICATE_METHOD_MATCH = YES;
				CODE_SIGN_IDENTITY = "-";
				COPY_PHASE_STRIP = NO;
				DEBUG_INFORMATION_FORMAT = "dwarf-with-dsym";
				ENABLE_NS_ASSERTIONS = NO;
				ENABLE_STRICT_OBJC_MSGSEND = YES;
				GCC_C_LANGUAGE_STANDARD = gnu99;
				GCC_NO_COMMON_BLOCKS = YES;
				GCC_WARN_64_TO_32_BIT_CONVERSION = YES;
				GCC_WARN_ABOUT_RETURN_TYPE = YES_ERROR;
				GCC_WARN_UNDECLARED_SELECTOR = YES;
				GCC_WARN_UNINITIALIZED_AUTOS = YES_AGGRESSIVE;
				GCC_WARN_UNUSED_FUNCTION = YES;
				GCC_WARN_UNUSED_VARIABLE = YES;
				MACOSX_DEPLOYMENT_TARGET = 10.12;
				MTL_ENABLE_DEBUG_INFO = NO;
				SDKROOT = macosx;
				SWIFT_OPTIMIZATION_LEVEL = "-Owholemodule";
			};
			name = Release;
		};
		1316531F1E5B8091007F4E76 /* Debug */ = {
			isa = XCBuildConfiguration;
			buildSettings = {
				ASSETCATALOG_COMPILER_APPICON_NAME = AppIcon;
				COMBINE_HIDPI_IMAGES = YES;
				INFOPLIST_FILE = MacPhoto/Info.plist;
				LD_RUNPATH_SEARCH_PATHS = "$(inherited) @executable_path/../Frameworks";
				PRODUCT_BUNDLE_IDENTIFIER = self.MacPhoto;
				PRODUCT_NAME = "$(TARGET_NAME)";
				SWIFT_VERSION = 3.0;
			};
			name = Debug;
		};
		131653201E5B8091007F4E76 /* Release */ = {
			isa = XCBuildConfiguration;
			buildSettings = {
				ASSETCATALOG_COMPILER_APPICON_NAME = AppIcon;
				COMBINE_HIDPI_IMAGES = YES;
				INFOPLIST_FILE = MacPhoto/Info.plist;
				LD_RUNPATH_SEARCH_PATHS = "$(inherited) @executable_path/../Frameworks";
				PRODUCT_BUNDLE_IDENTIFIER = self.MacPhoto;
				PRODUCT_NAME = "$(TARGET_NAME)";
				SWIFT_VERSION = 3.0;
			};
			name = Release;
		};
/* End XCBuildConfiguration section */

/* Begin XCConfigurationList section */
		1316530A1E5B8091007F4E76 /* Build configuration list for PBXProject "MacPhoto" */ = {
			isa = XCConfigurationList;
			buildConfigurations = (
				1316531C1E5B8091007F4E76 /* Debug */,
				1316531D1E5B8091007F4E76 /* Release */,
			);
			defaultConfigurationIsVisible = 0;
			defaultConfigurationName = Release;
		};
		1316531E1E5B8091007F4E76 /* Build configuration list for PBXNativeTarget "MacPhoto" */ = {
			isa = XCConfigurationList;
			buildConfigurations = (
				1316531F1E5B8091007F4E76 /* Debug */,
				131653201E5B8091007F4E76 /* Release */,
			);
			defaultConfigurationIsVisible = 0;
			defaultConfigurationName = Release;
		};
/* End XCConfigurationList section */
	};
	rootObject = 131653071E5B8091007F4E76 /* Project object */;
}
