// !$*UTF8*$!
{
	archiveVersion = 1;
	classes = {
	};
	objectVersion = 46;
	objects = {

/* Begin PBXBuildFile section */
		130694931E71DB820097BDD4 /* PhotoDetailViewController.swift in Sources */ = {isa = PBXBuildFile; fileRef = 130694911E71DB820097BDD4 /* PhotoDetailViewController.swift */; };
		130694941E71DB820097BDD4 /* PhotoDetailViewController.xib in Resources */ = {isa = PBXBuildFile; fileRef = 130694921E71DB820097BDD4 /* PhotoDetailViewController.xib */; };
		131653131E5B8091007F4E76 /* AppDelegate.swift in Sources */ = {isa = PBXBuildFile; fileRef = 131653121E5B8091007F4E76 /* AppDelegate.swift */; };
		131653171E5B8091007F4E76 /* Assets.xcassets in Resources */ = {isa = PBXBuildFile; fileRef = 131653161E5B8091007F4E76 /* Assets.xcassets */; };
		1316531A1E5B8091007F4E76 /* Main.storyboard in Resources */ = {isa = PBXBuildFile; fileRef = 131653181E5B8091007F4E76 /* Main.storyboard */; };
		131653261E5B8130007F4E76 /* DataStore.swift in Sources */ = {isa = PBXBuildFile; fileRef = 131653211E5B8130007F4E76 /* DataStore.swift */; };
		131653281E5B8130007F4E76 /* Spot.swift in Sources */ = {isa = PBXBuildFile; fileRef = 131653231E5B8130007F4E76 /* Spot.swift */; };
		131653291E5B8130007F4E76 /* Photo.swift in Sources */ = {isa = PBXBuildFile; fileRef = 131653241E5B8130007F4E76 /* Photo.swift */; };
		1316532A1E5B8130007F4E76 /* UniqueIDGenerator.swift in Sources */ = {isa = PBXBuildFile; fileRef = 131653251E5B8130007F4E76 /* UniqueIDGenerator.swift */; };
		131653311E5B874A007F4E76 /* Factbook.swift in Sources */ = {isa = PBXBuildFile; fileRef = 131653301E5B874A007F4E76 /* Factbook.swift */; };
		131653331E5B8B76007F4E76 /* LocalFileManager.swift in Sources */ = {isa = PBXBuildFile; fileRef = 131653321E5B8B76007F4E76 /* LocalFileManager.swift */; };
		13371A9E1E85511F0099C1D0 /* PreferencesDelegate.swift in Sources */ = {isa = PBXBuildFile; fileRef = 13371A9D1E85511F0099C1D0 /* PreferencesDelegate.swift */; };
		133CCEA51E8167DA00E8DEA7 /* MainWindowController.swift in Sources */ = {isa = PBXBuildFile; fileRef = 133CCEA41E8167DA00E8DEA7 /* MainWindowController.swift */; };
		133CCEB41E84454C00E8DEA7 /* PreferencesViewController.swift in Sources */ = {isa = PBXBuildFile; fileRef = 133CCEB21E84454C00E8DEA7 /* PreferencesViewController.swift */; };
		133CCEB51E84454C00E8DEA7 /* PreferencesViewController.xib in Resources */ = {isa = PBXBuildFile; fileRef = 133CCEB31E84454C00E8DEA7 /* PreferencesViewController.xib */; };
		133CCEB91E845BBC00E8DEA7 /* PhotoViewController.swift in Sources */ = {isa = PBXBuildFile; fileRef = 133CCEB71E845BBC00E8DEA7 /* PhotoViewController.swift */; };
		133CCEBA1E845BBC00E8DEA7 /* PhotoViewController.xib in Resources */ = {isa = PBXBuildFile; fileRef = 133CCEB81E845BBC00E8DEA7 /* PhotoViewController.xib */; };
		133ECCC11E79CCF8002619A0 /* PersonSelectionTableCellView.swift in Sources */ = {isa = PBXBuildFile; fileRef = 133ECCC01E79CCF8002619A0 /* PersonSelectionTableCellView.swift */; };
		134BB9ED1E805B500083243B /* PersonSelectionQuickAddViewController.xib in Resources */ = {isa = PBXBuildFile; fileRef = 134BB9EC1E805B500083243B /* PersonSelectionQuickAddViewController.xib */; };
		134BB9EF1E805B650083243B /* PersonSelectionQuickAddViewController.swift in Sources */ = {isa = PBXBuildFile; fileRef = 134BB9EE1E805B650083243B /* PersonSelectionQuickAddViewController.swift */; };
		13505FB61E6B06FF00D85D5A /* JSONManager.swift in Sources */ = {isa = PBXBuildFile; fileRef = 13505FB51E6B06FF00D85D5A /* JSONManager.swift */; };
		13505FBB1E6B1B9E00D85D5A /* Date.swift in Sources */ = {isa = PBXBuildFile; fileRef = 13505FBA1E6B1B9E00D85D5A /* Date.swift */; };
		1360159D1E8EDE65006A865B /* Album.swift in Sources */ = {isa = PBXBuildFile; fileRef = 1360159C1E8EDE65006A865B /* Album.swift */; };
		136015AB1E8EF423006A865B /* AddPhotosViewController.swift in Sources */ = {isa = PBXBuildFile; fileRef = 136015A91E8EF423006A865B /* AddPhotosViewController.swift */; };
		136015AC1E8EF423006A865B /* AddPhotosViewController.xib in Resources */ = {isa = PBXBuildFile; fileRef = 136015AA1E8EF423006A865B /* AddPhotosViewController.xib */; };
		1361F8301E661F2700D65337 /* Area.swift in Sources */ = {isa = PBXBuildFile; fileRef = 1361F82F1E661F2700D65337 /* Area.swift */; };
		137B7B771E61E20300F9A69E /* IndexedDictionary.swift in Sources */ = {isa = PBXBuildFile; fileRef = 137B7B761E61E20300F9A69E /* IndexedDictionary.swift */; };
		137B7B791E61E3A500F9A69E /* HasUniqueID.swift in Sources */ = {isa = PBXBuildFile; fileRef = 137B7B781E61E3A500F9A69E /* HasUniqueID.swift */; };
		138C401C1E8460BE00EED229 /* PeopleViewController.swift in Sources */ = {isa = PBXBuildFile; fileRef = 138C401A1E8460BE00EED229 /* PeopleViewController.swift */; };
		138C401D1E8460BE00EED229 /* PeopleViewController.xib in Resources */ = {isa = PBXBuildFile; fileRef = 138C401B1E8460BE00EED229 /* PeopleViewController.xib */; };
		138C40261E847F9300EED229 /* PlacesViewController.swift in Sources */ = {isa = PBXBuildFile; fileRef = 138C40241E847F9300EED229 /* PlacesViewController.swift */; };
		138C40271E847F9300EED229 /* PlacesViewController.xib in Resources */ = {isa = PBXBuildFile; fileRef = 138C40251E847F9300EED229 /* PlacesViewController.xib */; };
		138DEF8A1E6F464900795A08 /* Location.swift in Sources */ = {isa = PBXBuildFile; fileRef = 138DEF891E6F464900795A08 /* Location.swift */; };
		138DEF931E6F933100795A08 /* PhotoCollectionViewItem.swift in Sources */ = {isa = PBXBuildFile; fileRef = 138DEF911E6F933100795A08 /* PhotoCollectionViewItem.swift */; };
		138DEF941E6F933100795A08 /* PhotoCollectionViewItem.xib in Resources */ = {isa = PBXBuildFile; fileRef = 138DEF921E6F933100795A08 /* PhotoCollectionViewItem.xib */; };
		13D1BA8D1E5D1FD6007E7EFA /* Person.swift in Sources */ = {isa = PBXBuildFile; fileRef = 13D1BA8C1E5D1FD6007E7EFA /* Person.swift */; };
		13FDC0AF1E7341A800244CE7 /* PersonSelectionViewController.swift in Sources */ = {isa = PBXBuildFile; fileRef = 13FDC0AD1E7341A800244CE7 /* PersonSelectionViewController.swift */; };
		13FDC0B01E7341A800244CE7 /* PersonSelectionViewController.xib in Resources */ = {isa = PBXBuildFile; fileRef = 13FDC0AE1E7341A800244CE7 /* PersonSelectionViewController.xib */; };
		13FDC0B21E73455800244CE7 /* PersonSelectionViewDelegate.swift in Sources */ = {isa = PBXBuildFile; fileRef = 13FDC0B11E73455800244CE7 /* PersonSelectionViewDelegate.swift */; };
		84B5A0D91E91CFEE0004F47D /* ConsistencyManager.swift in Sources */ = {isa = PBXBuildFile; fileRef = 84B5A0D81E91CFEE0004F47D /* ConsistencyManager.swift */; };
/* End PBXBuildFile section */

/* Begin PBXFileReference section */
		130694911E71DB820097BDD4 /* PhotoDetailViewController.swift */ = {isa = PBXFileReference; fileEncoding = 4; lastKnownFileType = sourcecode.swift; path = PhotoDetailViewController.swift; sourceTree = "<group>"; };
		130694921E71DB820097BDD4 /* PhotoDetailViewController.xib */ = {isa = PBXFileReference; fileEncoding = 4; lastKnownFileType = file.xib; path = PhotoDetailViewController.xib; sourceTree = "<group>"; };
		1316530F1E5B8091007F4E76 /* MacPhoto.app */ = {isa = PBXFileReference; explicitFileType = wrapper.application; includeInIndex = 0; path = MacPhoto.app; sourceTree = BUILT_PRODUCTS_DIR; };
		131653121E5B8091007F4E76 /* AppDelegate.swift */ = {isa = PBXFileReference; lastKnownFileType = sourcecode.swift; path = AppDelegate.swift; sourceTree = "<group>"; };
		131653161E5B8091007F4E76 /* Assets.xcassets */ = {isa = PBXFileReference; lastKnownFileType = folder.assetcatalog; path = Assets.xcassets; sourceTree = "<group>"; };
		131653191E5B8091007F4E76 /* Base */ = {isa = PBXFileReference; lastKnownFileType = file.storyboard; name = Base; path = Base.lproj/Main.storyboard; sourceTree = "<group>"; };
		1316531B1E5B8091007F4E76 /* Info.plist */ = {isa = PBXFileReference; lastKnownFileType = text.plist.xml; path = Info.plist; sourceTree = "<group>"; };
		131653211E5B8130007F4E76 /* DataStore.swift */ = {isa = PBXFileReference; fileEncoding = 4; lastKnownFileType = sourcecode.swift; path = DataStore.swift; sourceTree = "<group>"; };
		131653231E5B8130007F4E76 /* Spot.swift */ = {isa = PBXFileReference; fileEncoding = 4; lastKnownFileType = sourcecode.swift; path = Spot.swift; sourceTree = "<group>"; };
		131653241E5B8130007F4E76 /* Photo.swift */ = {isa = PBXFileReference; fileEncoding = 4; lastKnownFileType = sourcecode.swift; path = Photo.swift; sourceTree = "<group>"; };
		131653251E5B8130007F4E76 /* UniqueIDGenerator.swift */ = {isa = PBXFileReference; fileEncoding = 4; lastKnownFileType = sourcecode.swift; path = UniqueIDGenerator.swift; sourceTree = "<group>"; };
		131653301E5B874A007F4E76 /* Factbook.swift */ = {isa = PBXFileReference; fileEncoding = 4; lastKnownFileType = sourcecode.swift; path = Factbook.swift; sourceTree = "<group>"; };
		131653321E5B8B76007F4E76 /* LocalFileManager.swift */ = {isa = PBXFileReference; fileEncoding = 4; lastKnownFileType = sourcecode.swift; path = LocalFileManager.swift; sourceTree = "<group>"; };
		13371A9D1E85511F0099C1D0 /* PreferencesDelegate.swift */ = {isa = PBXFileReference; fileEncoding = 4; lastKnownFileType = sourcecode.swift; path = PreferencesDelegate.swift; sourceTree = "<group>"; };
		133CCEA41E8167DA00E8DEA7 /* MainWindowController.swift */ = {isa = PBXFileReference; fileEncoding = 4; lastKnownFileType = sourcecode.swift; path = MainWindowController.swift; sourceTree = "<group>"; };
		133CCEB21E84454C00E8DEA7 /* PreferencesViewController.swift */ = {isa = PBXFileReference; fileEncoding = 4; lastKnownFileType = sourcecode.swift; path = PreferencesViewController.swift; sourceTree = "<group>"; };
		133CCEB31E84454C00E8DEA7 /* PreferencesViewController.xib */ = {isa = PBXFileReference; fileEncoding = 4; lastKnownFileType = file.xib; path = PreferencesViewController.xib; sourceTree = "<group>"; };
		133CCEB71E845BBC00E8DEA7 /* PhotoViewController.swift */ = {isa = PBXFileReference; fileEncoding = 4; lastKnownFileType = sourcecode.swift; path = PhotoViewController.swift; sourceTree = "<group>"; };
		133CCEB81E845BBC00E8DEA7 /* PhotoViewController.xib */ = {isa = PBXFileReference; fileEncoding = 4; lastKnownFileType = file.xib; path = PhotoViewController.xib; sourceTree = "<group>"; };
		133ECCC01E79CCF8002619A0 /* PersonSelectionTableCellView.swift */ = {isa = PBXFileReference; fileEncoding = 4; lastKnownFileType = sourcecode.swift; path = PersonSelectionTableCellView.swift; sourceTree = "<group>"; };
		134BB9EC1E805B500083243B /* PersonSelectionQuickAddViewController.xib */ = {isa = PBXFileReference; fileEncoding = 4; lastKnownFileType = file.xib; path = PersonSelectionQuickAddViewController.xib; sourceTree = "<group>"; };
		134BB9EE1E805B650083243B /* PersonSelectionQuickAddViewController.swift */ = {isa = PBXFileReference; fileEncoding = 4; lastKnownFileType = sourcecode.swift; path = PersonSelectionQuickAddViewController.swift; sourceTree = "<group>"; };
		13505FB51E6B06FF00D85D5A /* JSONManager.swift */ = {isa = PBXFileReference; fileEncoding = 4; lastKnownFileType = sourcecode.swift; path = JSONManager.swift; sourceTree = "<group>"; };
		13505FBA1E6B1B9E00D85D5A /* Date.swift */ = {isa = PBXFileReference; fileEncoding = 4; lastKnownFileType = sourcecode.swift; path = Date.swift; sourceTree = "<group>"; };
		1360159C1E8EDE65006A865B /* Album.swift */ = {isa = PBXFileReference; fileEncoding = 4; lastKnownFileType = sourcecode.swift; path = Album.swift; sourceTree = "<group>"; };
		136015A91E8EF423006A865B /* AddPhotosViewController.swift */ = {isa = PBXFileReference; fileEncoding = 4; lastKnownFileType = sourcecode.swift; path = AddPhotosViewController.swift; sourceTree = "<group>"; };
		136015AA1E8EF423006A865B /* AddPhotosViewController.xib */ = {isa = PBXFileReference; fileEncoding = 4; lastKnownFileType = file.xib; path = AddPhotosViewController.xib; sourceTree = "<group>"; };
		1361F82F1E661F2700D65337 /* Area.swift */ = {isa = PBXFileReference; fileEncoding = 4; lastKnownFileType = sourcecode.swift; path = Area.swift; sourceTree = "<group>"; };
		137B7B761E61E20300F9A69E /* IndexedDictionary.swift */ = {isa = PBXFileReference; fileEncoding = 4; lastKnownFileType = sourcecode.swift; path = IndexedDictionary.swift; sourceTree = "<group>"; };
		137B7B781E61E3A500F9A69E /* HasUniqueID.swift */ = {isa = PBXFileReference; fileEncoding = 4; lastKnownFileType = sourcecode.swift; path = HasUniqueID.swift; sourceTree = "<group>"; };
		138C401A1E8460BE00EED229 /* PeopleViewController.swift */ = {isa = PBXFileReference; fileEncoding = 4; lastKnownFileType = sourcecode.swift; path = PeopleViewController.swift; sourceTree = "<group>"; };
		138C401B1E8460BE00EED229 /* PeopleViewController.xib */ = {isa = PBXFileReference; fileEncoding = 4; lastKnownFileType = file.xib; path = PeopleViewController.xib; sourceTree = "<group>"; };
		138C40241E847F9300EED229 /* PlacesViewController.swift */ = {isa = PBXFileReference; fileEncoding = 4; lastKnownFileType = sourcecode.swift; path = PlacesViewController.swift; sourceTree = "<group>"; };
		138C40251E847F9300EED229 /* PlacesViewController.xib */ = {isa = PBXFileReference; fileEncoding = 4; lastKnownFileType = file.xib; path = PlacesViewController.xib; sourceTree = "<group>"; };
		138DEF891E6F464900795A08 /* Location.swift */ = {isa = PBXFileReference; fileEncoding = 4; lastKnownFileType = sourcecode.swift; path = Location.swift; sourceTree = "<group>"; };
		138DEF911E6F933100795A08 /* PhotoCollectionViewItem.swift */ = {isa = PBXFileReference; fileEncoding = 4; lastKnownFileType = sourcecode.swift; path = PhotoCollectionViewItem.swift; sourceTree = "<group>"; };
		138DEF921E6F933100795A08 /* PhotoCollectionViewItem.xib */ = {isa = PBXFileReference; fileEncoding = 4; lastKnownFileType = file.xib; path = PhotoCollectionViewItem.xib; sourceTree = "<group>"; };
		13D1BA8C1E5D1FD6007E7EFA /* Person.swift */ = {isa = PBXFileReference; fileEncoding = 4; lastKnownFileType = sourcecode.swift; path = Person.swift; sourceTree = "<group>"; };
		13FDC0AD1E7341A800244CE7 /* PersonSelectionViewController.swift */ = {isa = PBXFileReference; fileEncoding = 4; lastKnownFileType = sourcecode.swift; path = PersonSelectionViewController.swift; sourceTree = "<group>"; };
		13FDC0AE1E7341A800244CE7 /* PersonSelectionViewController.xib */ = {isa = PBXFileReference; fileEncoding = 4; lastKnownFileType = file.xib; path = PersonSelectionViewController.xib; sourceTree = "<group>"; };
		13FDC0B11E73455800244CE7 /* PersonSelectionViewDelegate.swift */ = {isa = PBXFileReference; fileEncoding = 4; lastKnownFileType = sourcecode.swift; path = PersonSelectionViewDelegate.swift; sourceTree = "<group>"; };
		84B5A0D81E91CFEE0004F47D /* ConsistencyManager.swift */ = {isa = PBXFileReference; fileEncoding = 4; lastKnownFileType = sourcecode.swift; path = ConsistencyManager.swift; sourceTree = "<group>"; };
/* End PBXFileReference section */

/* Begin PBXFrameworksBuildPhase section */
		1316530C1E5B8091007F4E76 /* Frameworks */ = {
			isa = PBXFrameworksBuildPhase;
			buildActionMask = 2147483647;
			files = (
			);
			runOnlyForDeploymentPostprocessing = 0;
		};
/* End PBXFrameworksBuildPhase section */

/* Begin PBXGroup section */
		131653061E5B8091007F4E76 = {
			isa = PBXGroup;
			children = (
				131653111E5B8091007F4E76 /* MacPhoto */,
				131653101E5B8091007F4E76 /* Products */,
			);
			sourceTree = "<group>";
		};
		131653101E5B8091007F4E76 /* Products */ = {
			isa = PBXGroup;
			children = (
				1316530F1E5B8091007F4E76 /* MacPhoto.app */,
			);
			name = Products;
			sourceTree = "<group>";
		};
		131653111E5B8091007F4E76 /* MacPhoto */ = {
			isa = PBXGroup;
			children = (
				1316532F1E5B81B1007F4E76 /* Model */,
				133CCEA81E81BDF600E8DEA7 /* View */,
				133CCEA91E81BE1100E8DEA7 /* App */,
			);
			path = MacPhoto;
			sourceTree = "<group>";
		};
		1316532E1E5B81AA007F4E76 /* Toolbox */ = {
			isa = PBXGroup;
			children = (
				131653251E5B8130007F4E76 /* UniqueIDGenerator.swift */,
				131653301E5B874A007F4E76 /* Factbook.swift */,
			);
			name = Toolbox;
			sourceTree = "<group>";
		};
		1316532F1E5B81B1007F4E76 /* Model */ = {
			isa = PBXGroup;
			children = (
				13F9DC8A1E673E4100018B7F /* Data Types */,
				13F9DC891E673D3A00018B7F /* Data Managers */,
				131653211E5B8130007F4E76 /* DataStore.swift */,
				13505FB91E6B1B9600D85D5A /* Extensions */,
				1361F82D1E65BE7000D65337 /* Protocols */,
				1316532E1E5B81AA007F4E76 /* Toolbox */,
				1361F82E1E661F1C00D65337 /* Location */,
				13D1BA8C1E5D1FD6007E7EFA /* Person.swift */,
				1360159B1E8EDE56006A865B /* Photos */,
			);
			name = Model;
			sourceTree = "<group>";
		};
		1338CA291E7221B100E3041B /* PersonSelectionViewController */ = {
			isa = PBXGroup;
			children = (
				13FDC0AD1E7341A800244CE7 /* PersonSelectionViewController.swift */,
				13FDC0AE1E7341A800244CE7 /* PersonSelectionViewController.xib */,
				133ECCC01E79CCF8002619A0 /* PersonSelectionTableCellView.swift */,
				13FDC0B11E73455800244CE7 /* PersonSelectionViewDelegate.swift */,
				134BB9EC1E805B500083243B /* PersonSelectionQuickAddViewController.xib */,
				134BB9EE1E805B650083243B /* PersonSelectionQuickAddViewController.swift */,
			);
			name = PersonSelectionViewController;
			sourceTree = "<group>";
		};
		133CCEA61E81BDB200E8DEA7 /* MainWindow */ = {
			isa = PBXGroup;
			children = (
				133CCEA41E8167DA00E8DEA7 /* MainWindowController.swift */,
				131653181E5B8091007F4E76 /* Main.storyboard */,
				133CCEA71E81BDC700E8DEA7 /* PhotoViewController */,
				138C401E1E8460C500EED229 /* PeopleViewController */,
				138C40211E847F3800EED229 /* PlacesViewController */,
			);
			name = MainWindow;
			sourceTree = "<group>";
		};
		133CCEA71E81BDC700E8DEA7 /* PhotoViewController */ = {
			isa = PBXGroup;
			children = (
				138DEF911E6F933100795A08 /* PhotoCollectionViewItem.swift */,
				138DEF921E6F933100795A08 /* PhotoCollectionViewItem.xib */,
				133CCEB71E845BBC00E8DEA7 /* PhotoViewController.swift */,
				133CCEB81E845BBC00E8DEA7 /* PhotoViewController.xib */,
			);
			name = PhotoViewController;
			sourceTree = "<group>";
		};
		133CCEA81E81BDF600E8DEA7 /* View */ = {
			isa = PBXGroup;
			children = (
				133CCEA61E81BDB200E8DEA7 /* MainWindow */,
				133CCEAC1E843FA800E8DEA7 /* OtherViewControllers */,
			);
			name = View;
			sourceTree = "<group>";
		};
		133CCEA91E81BE1100E8DEA7 /* App */ = {
			isa = PBXGroup;
			children = (
				131653121E5B8091007F4E76 /* AppDelegate.swift */,
				131653161E5B8091007F4E76 /* Assets.xcassets */,
				1316531B1E5B8091007F4E76 /* Info.plist */,
			);
			name = App;
			sourceTree = "<group>";
		};
		133CCEAC1E843FA800E8DEA7 /* OtherViewControllers */ = {
			isa = PBXGroup;
			children = (
				1338CA291E7221B100E3041B /* PersonSelectionViewController */,
				133CCEB11E84451C00E8DEA7 /* PhotoDetailViewController */,
				133CCEB61E84459100E8DEA7 /* PreferencesViewController */,
				136015AD1E8EF427006A865B /* AddPhotosViewController */,
			);
			name = OtherViewControllers;
			sourceTree = "<group>";
		};
		133CCEB11E84451C00E8DEA7 /* PhotoDetailViewController */ = {
			isa = PBXGroup;
			children = (
				130694911E71DB820097BDD4 /* PhotoDetailViewController.swift */,
				130694921E71DB820097BDD4 /* PhotoDetailViewController.xib */,
			);
			name = PhotoDetailViewController;
			sourceTree = "<group>";
		};
		133CCEB61E84459100E8DEA7 /* PreferencesViewController */ = {
			isa = PBXGroup;
			children = (
				133CCEB21E84454C00E8DEA7 /* PreferencesViewController.swift */,
				133CCEB31E84454C00E8DEA7 /* PreferencesViewController.xib */,
				13371A9D1E85511F0099C1D0 /* PreferencesDelegate.swift */,
			);
			name = PreferencesViewController;
			sourceTree = "<group>";
		};
		13505FB91E6B1B9600D85D5A /* Extensions */ = {
			isa = PBXGroup;
			children = (
				13505FBA1E6B1B9E00D85D5A /* Date.swift */,
			);
			name = Extensions;
			sourceTree = "<group>";
		};
		1360159B1E8EDE56006A865B /* Photos */ = {
			isa = PBXGroup;
			children = (
				131653241E5B8130007F4E76 /* Photo.swift */,
				1360159C1E8EDE65006A865B /* Album.swift */,
			);
			name = Photos;
			sourceTree = "<group>";
		};
		136015AD1E8EF427006A865B /* AddPhotosViewController */ = {
			isa = PBXGroup;
			children = (
				136015A91E8EF423006A865B /* AddPhotosViewController.swift */,
				136015AA1E8EF423006A865B /* AddPhotosViewController.xib */,
			);
			name = AddPhotosViewController;
			sourceTree = "<group>";
		};
		1361F82D1E65BE7000D65337 /* Protocols */ = {
			isa = PBXGroup;
			children = (
				137B7B781E61E3A500F9A69E /* HasUniqueID.swift */,
			);
			name = Protocols;
			sourceTree = "<group>";
		};
		1361F82E1E661F1C00D65337 /* Location */ = {
			isa = PBXGroup;
			children = (
				131653231E5B8130007F4E76 /* Spot.swift */,
				1361F82F1E661F2700D65337 /* Area.swift */,
				138DEF891E6F464900795A08 /* Location.swift */,
			);
			name = Location;
			sourceTree = "<group>";
		};
		138C401E1E8460C500EED229 /* PeopleViewController */ = {
			isa = PBXGroup;
			children = (
				138C401B1E8460BE00EED229 /* PeopleViewController.xib */,
				138C401A1E8460BE00EED229 /* PeopleViewController.swift */,
			);
			name = PeopleViewController;
			sourceTree = "<group>";
		};
		138C40211E847F3800EED229 /* PlacesViewController */ = {
			isa = PBXGroup;
			children = (
				138C40241E847F9300EED229 /* PlacesViewController.swift */,
				138C40251E847F9300EED229 /* PlacesViewController.xib */,
			);
			name = PlacesViewController;
			sourceTree = "<group>";
		};
		13F9DC891E673D3A00018B7F /* Data Managers */ = {
			isa = PBXGroup;
			children = (
				131653321E5B8B76007F4E76 /* LocalFileManager.swift */,
				13505FB51E6B06FF00D85D5A /* JSONManager.swift */,
				84B5A0D81E91CFEE0004F47D /* ConsistencyManager.swift */,
			);
			name = "Data Managers";
			sourceTree = "<group>";
		};
		13F9DC8A1E673E4100018B7F /* Data Types */ = {
			isa = PBXGroup;
			children = (
				137B7B761E61E20300F9A69E /* IndexedDictionary.swift */,
			);
			name = "Data Types";
			sourceTree = "<group>";
		};
/* End PBXGroup section */

/* Begin PBXNativeTarget section */
		1316530E1E5B8091007F4E76 /* MacPhoto */ = {
			isa = PBXNativeTarget;
			buildConfigurationList = 1316531E1E5B8091007F4E76 /* Build configuration list for PBXNativeTarget "MacPhoto" */;
			buildPhases = (
				1316530B1E5B8091007F4E76 /* Sources */,
				1316530C1E5B8091007F4E76 /* Frameworks */,
				1316530D1E5B8091007F4E76 /* Resources */,
			);
			buildRules = (
			);
			dependencies = (
			);
			name = MacPhoto;
			productName = MacPhoto;
			productReference = 1316530F1E5B8091007F4E76 /* MacPhoto.app */;
			productType = "com.apple.product-type.application";
		};
/* End PBXNativeTarget section */

/* Begin PBXProject section */
		131653071E5B8091007F4E76 /* Project object */ = {
			isa = PBXProject;
			attributes = {
				LastSwiftUpdateCheck = 0820;
				LastUpgradeCheck = 0820;
				ORGANIZATIONNAME = "Christopher Boynton";
				TargetAttributes = {
					1316530E1E5B8091007F4E76 = {
						CreatedOnToolsVersion = 8.2.1;
						ProvisioningStyle = Automatic;
					};
				};
			};
			buildConfigurationList = 1316530A1E5B8091007F4E76 /* Build configuration list for PBXProject "MacPhoto" */;
			compatibilityVersion = "Xcode 3.2";
			developmentRegion = English;
			hasScannedForEncodings = 0;
			knownRegions = (
				en,
				Base,
			);
			mainGroup = 131653061E5B8091007F4E76;
			productRefGroup = 131653101E5B8091007F4E76 /* Products */;
			projectDirPath = "";
			projectRoot = "";
			targets = (
				1316530E1E5B8091007F4E76 /* MacPhoto */,
			);
		};
/* End PBXProject section */

/* Begin PBXResourcesBuildPhase section */
		1316530D1E5B8091007F4E76 /* Resources */ = {
			isa = PBXResourcesBuildPhase;
			buildActionMask = 2147483647;
			files = (
				131653171E5B8091007F4E76 /* Assets.xcassets in Resources */,
				138C401D1E8460BE00EED229 /* PeopleViewController.xib in Resources */,
				138C40271E847F9300EED229 /* PlacesViewController.xib in Resources */,
				136015AC1E8EF423006A865B /* AddPhotosViewController.xib in Resources */,
				133CCEBA1E845BBC00E8DEA7 /* PhotoViewController.xib in Resources */,
				133CCEB51E84454C00E8DEA7 /* PreferencesViewController.xib in Resources */,
				1316531A1E5B8091007F4E76 /* Main.storyboard in Resources */,
				130694941E71DB820097BDD4 /* PhotoDetailViewController.xib in Resources */,
				138DEF941E6F933100795A08 /* PhotoCollectionViewItem.xib in Resources */,
				134BB9ED1E805B500083243B /* PersonSelectionQuickAddViewController.xib in Resources */,
				13FDC0B01E7341A800244CE7 /* PersonSelectionViewController.xib in Resources */,
			);
			runOnlyForDeploymentPostprocessing = 0;
		};
/* End PBXResourcesBuildPhase section */

/* Begin PBXSourcesBuildPhase section */
		1316530B1E5B8091007F4E76 /* Sources */ = {
			isa = PBXSourcesBuildPhase;
			buildActionMask = 2147483647;
			files = (
				134BB9EF1E805B650083243B /* PersonSelectionQuickAddViewController.swift in Sources */,
				133CCEA51E8167DA00E8DEA7 /* MainWindowController.swift in Sources */,
				13FDC0B21E73455800244CE7 /* PersonSelectionViewDelegate.swift in Sources */,
				131653291E5B8130007F4E76 /* Photo.swift in Sources */,
				133CCEB91E845BBC00E8DEA7 /* PhotoViewController.swift in Sources */,
				133ECCC11E79CCF8002619A0 /* PersonSelectionTableCellView.swift in Sources */,
				131653331E5B8B76007F4E76 /* LocalFileManager.swift in Sources */,
				84B5A0D91E91CFEE0004F47D /* ConsistencyManager.swift in Sources */,
				138C40261E847F9300EED229 /* PlacesViewController.swift in Sources */,
				137B7B791E61E3A500F9A69E /* HasUniqueID.swift in Sources */,
				13505FBB1E6B1B9E00D85D5A /* Date.swift in Sources */,
				1316532A1E5B8130007F4E76 /* UniqueIDGenerator.swift in Sources */,
				138DEF8A1E6F464900795A08 /* Location.swift in Sources */,
				133CCEB41E84454C00E8DEA7 /* PreferencesViewController.swift in Sources */,
				13371A9E1E85511F0099C1D0 /* PreferencesDelegate.swift in Sources */,
				130694931E71DB820097BDD4 /* PhotoDetailViewController.swift in Sources */,
				138DEF931E6F933100795A08 /* PhotoCollectionViewItem.swift in Sources */,
				13D1BA8D1E5D1FD6007E7EFA /* Person.swift in Sources */,
				131653261E5B8130007F4E76 /* DataStore.swift in Sources */,
				13FDC0AF1E7341A800244CE7 /* PersonSelectionViewController.swift in Sources */,
				138C401C1E8460BE00EED229 /* PeopleViewController.swift in Sources */,
				131653311E5B874A007F4E76 /* Factbook.swift in Sources */,
				137B7B771E61E20300F9A69E /* IndexedDictionary.swift in Sources */,
				131653281E5B8130007F4E76 /* Spot.swift in Sources */,
				1360159D1E8EDE65006A865B /* Album.swift in Sources */,
				131653131E5B8091007F4E76 /* AppDelegate.swift in Sources */,
				136015AB1E8EF423006A865B /* AddPhotosViewController.swift in Sources */,
				13505FB61E6B06FF00D85D5A /* JSONManager.swift in Sources */,
				1361F8301E661F2700D65337 /* Area.swift in Sources */,
			);
			runOnlyForDeploymentPostprocessing = 0;
		};
/* End PBXSourcesBuildPhase section */

/* Begin PBXVariantGroup section */
		131653181E5B8091007F4E76 /* Main.storyboard */ = {
			isa = PBXVariantGroup;
			children = (
				131653191E5B8091007F4E76 /* Base */,
			);
			name = Main.storyboard;
			sourceTree = "<group>";
		};
/* End PBXVariantGroup section */

/* Begin XCBuildConfiguration section */
		1316531C1E5B8091007F4E76 /* Debug */ = {
			isa = XCBuildConfiguration;
			buildSettings = {
				ALWAYS_SEARCH_USER_PATHS = NO;
				CLANG_ANALYZER_NONNULL = YES;
				CLANG_CXX_LANGUAGE_STANDARD = "gnu++0x";
				CLANG_CXX_LIBRARY = "libc++";
				CLANG_ENABLE_MODULES = YES;
				CLANG_ENABLE_OBJC_ARC = YES;
				CLANG_WARN_BOOL_CONVERSION = YES;
				CLANG_WARN_CONSTANT_CONVERSION = YES;
				CLANG_WARN_DIRECT_OBJC_ISA_USAGE = YES_ERROR;
				CLANG_WARN_DOCUMENTATION_COMMENTS = YES;
				CLANG_WARN_EMPTY_BODY = YES;
				CLANG_WARN_ENUM_CONVERSION = YES;
				CLANG_WARN_INFINITE_RECURSION = YES;
				CLANG_WARN_INT_CONVERSION = YES;
				CLANG_WARN_OBJC_ROOT_CLASS = YES_ERROR;
				CLANG_WARN_SUSPICIOUS_MOVE = YES;
				CLANG_WARN_UNREACHABLE_CODE = YES;
				CLANG_WARN__DUPLICATE_METHOD_MATCH = YES;
				CODE_SIGN_IDENTITY = "-";
				COPY_PHASE_STRIP = NO;
				DEBUG_INFORMATION_FORMAT = dwarf;
				ENABLE_STRICT_OBJC_MSGSEND = YES;
				ENABLE_TESTABILITY = YES;
				GCC_C_LANGUAGE_STANDARD = gnu99;
				GCC_DYNAMIC_NO_PIC = NO;
				GCC_NO_COMMON_BLOCKS = YES;
				GCC_OPTIMIZATION_LEVEL = 0;
				GCC_PREPROCESSOR_DEFINITIONS = (
					"DEBUG=1",
					"$(inherited)",
				);
				GCC_WARN_64_TO_32_BIT_CONVERSION = YES;
				GCC_WARN_ABOUT_RETURN_TYPE = YES_ERROR;
				GCC_WARN_UNDECLARED_SELECTOR = YES;
				GCC_WARN_UNINITIALIZED_AUTOS = YES_AGGRESSIVE;
				GCC_WARN_UNUSED_FUNCTION = YES;
				GCC_WARN_UNUSED_VARIABLE = YES;
				MACOSX_DEPLOYMENT_TARGET = 10.12;
				MTL_ENABLE_DEBUG_INFO = YES;
				ONLY_ACTIVE_ARCH = YES;
				SDKROOT = macosx;
				SWIFT_ACTIVE_COMPILATION_CONDITIONS = DEBUG;
				SWIFT_OPTIMIZATION_LEVEL = "-Onone";
			};
			name = Debug;
		};
		1316531D1E5B8091007F4E76 /* Release */ = {
			isa = XCBuildConfiguration;
			buildSettings = {
				ALWAYS_SEARCH_USER_PATHS = NO;
				CLANG_ANALYZER_NONNULL = YES;
				CLANG_CXX_LANGUAGE_STANDARD = "gnu++0x";
				CLANG_CXX_LIBRARY = "libc++";
				CLANG_ENABLE_MODULES = YES;
				CLANG_ENABLE_OBJC_ARC = YES;
				CLANG_WARN_BOOL_CONVERSION = YES;
				CLANG_WARN_CONSTANT_CONVERSION = YES;
				CLANG_WARN_DIRECT_OBJC_ISA_USAGE = YES_ERROR;
				CLANG_WARN_DOCUMENTATION_COMMENTS = YES;
				CLANG_WARN_EMPTY_BODY = YES;
				CLANG_WARN_ENUM_CONVERSION = YES;
				CLANG_WARN_INFINITE_RECURSION = YES;
				CLANG_WARN_INT_CONVERSION = YES;
				CLANG_WARN_OBJC_ROOT_CLASS = YES_ERROR;
				CLANG_WARN_SUSPICIOUS_MOVE = YES;
				CLANG_WARN_UNREACHABLE_CODE = YES;
				CLANG_WARN__DUPLICATE_METHOD_MATCH = YES;
				CODE_SIGN_IDENTITY = "-";
				COPY_PHASE_STRIP = NO;
				DEBUG_INFORMATION_FORMAT = "dwarf-with-dsym";
				ENABLE_NS_ASSERTIONS = NO;
				ENABLE_STRICT_OBJC_MSGSEND = YES;
				GCC_C_LANGUAGE_STANDARD = gnu99;
				GCC_NO_COMMON_BLOCKS = YES;
				GCC_WARN_64_TO_32_BIT_CONVERSION = YES;
				GCC_WARN_ABOUT_RETURN_TYPE = YES_ERROR;
				GCC_WARN_UNDECLARED_SELECTOR = YES;
				GCC_WARN_UNINITIALIZED_AUTOS = YES_AGGRESSIVE;
				GCC_WARN_UNUSED_FUNCTION = YES;
				GCC_WARN_UNUSED_VARIABLE = YES;
				MACOSX_DEPLOYMENT_TARGET = 10.12;
				MTL_ENABLE_DEBUG_INFO = NO;
				SDKROOT = macosx;
				SWIFT_OPTIMIZATION_LEVEL = "-Owholemodule";
			};
			name = Release;
		};
		1316531F1E5B8091007F4E76 /* Debug */ = {
			isa = XCBuildConfiguration;
			buildSettings = {
				ASSETCATALOG_COMPILER_APPICON_NAME = AppIcon;
				COMBINE_HIDPI_IMAGES = YES;
				INFOPLIST_FILE = MacPhoto/Info.plist;
				LD_RUNPATH_SEARCH_PATHS = "$(inherited) @executable_path/../Frameworks";
				MACOSX_DEPLOYMENT_TARGET = 10.11;
				PRODUCT_BUNDLE_IDENTIFIER = self.MacPhoto;
				PRODUCT_NAME = "$(TARGET_NAME)";
				SWIFT_VERSION = 3.0;
			};
			name = Debug;
		};
		131653201E5B8091007F4E76 /* Release */ = {
			isa = XCBuildConfiguration;
			buildSettings = {
				ASSETCATALOG_COMPILER_APPICON_NAME = AppIcon;
				COMBINE_HIDPI_IMAGES = YES;
				INFOPLIST_FILE = MacPhoto/Info.plist;
				LD_RUNPATH_SEARCH_PATHS = "$(inherited) @executable_path/../Frameworks";
				MACOSX_DEPLOYMENT_TARGET = 10.11;
				PRODUCT_BUNDLE_IDENTIFIER = self.MacPhoto;
				PRODUCT_NAME = "$(TARGET_NAME)";
				SWIFT_VERSION = 3.0;
			};
			name = Release;
		};
/* End XCBuildConfiguration section */

/* Begin XCConfigurationList section */
		1316530A1E5B8091007F4E76 /* Build configuration list for PBXProject "MacPhoto" */ = {
			isa = XCConfigurationList;
			buildConfigurations = (
				1316531C1E5B8091007F4E76 /* Debug */,
				1316531D1E5B8091007F4E76 /* Release */,
			);
			defaultConfigurationIsVisible = 0;
			defaultConfigurationName = Release;
		};
		1316531E1E5B8091007F4E76 /* Build configuration list for PBXNativeTarget "MacPhoto" */ = {
			isa = XCConfigurationList;
			buildConfigurations = (
				1316531F1E5B8091007F4E76 /* Debug */,
				131653201E5B8091007F4E76 /* Release */,
			);
			defaultConfigurationIsVisible = 0;
			defaultConfigurationName = Release;
		};
/* End XCConfigurationList section */
	};
	rootObject = 131653071E5B8091007F4E76 /* Project object */;
}
